
Microsoft Visual Studio Solution File, Format Version 12.00
# Visual Studio Version 17
VisualStudioVersion = 17.4.33213.308
MinimumVisualStudioVersion = 10.0.40219.1
Project("{9A19103F-16F7-4668-BE54-9A1E7A4F7556}") = "App", "App\App.csproj", "{7AE94F08-8B62-4391-A789-A55016DE51D1}"
	ProjectSection(ProjectDependencies) = postProject
		{1906BDFE-F50D-493E-B702-C5E093DCB516} = {1906BDFE-F50D-493E-B702-C5E093DCB516}
		{3AB87C8E-8190-420A-8AD8-A43C93808E54} = {3AB87C8E-8190-420A-8AD8-A43C93808E54}
		{56825277-6C38-4F6C-A0E5-17D446D3F565} = {56825277-6C38-4F6C-A0E5-17D446D3F565}
		{6BE28180-3359-4175-A6FF-EF4F15546EF0} = {6BE28180-3359-4175-A6FF-EF4F15546EF0}
		{D9F1996C-21B8-463A-9A11-8A8175A279B7} = {D9F1996C-21B8-463A-9A11-8A8175A279B7}
	EndProjectSection
EndProject
Project("{2150E333-8FDC-42A3-9474-1A3956D46DE8}") = "src", "src", "{761AC6DE-13DC-4E60-BCCE-E5D777F6DBDC}"
EndProject
Project("{9A19103F-16F7-4668-BE54-9A1E7A4F7556}") = "Application", "Application\Application.csproj", "{1906BDFE-F50D-493E-B702-C5E093DCB516}"
	ProjectSection(ProjectDependencies) = postProject
		{D9F1996C-21B8-463A-9A11-8A8175A279B7} = {D9F1996C-21B8-463A-9A11-8A8175A279B7}
	EndProjectSection
EndProject
Project("{9A19103F-16F7-4668-BE54-9A1E7A4F7556}") = "Domain", "Domain\Domain.csproj", "{D9F1996C-21B8-463A-9A11-8A8175A279B7}"
EndProject
Project("{9A19103F-16F7-4668-BE54-9A1E7A4F7556}") = "Infrastructure", "Infrastructure\Infrastructure.csproj", "{3AB87C8E-8190-420A-8AD8-A43C93808E54}"
	ProjectSection(ProjectDependencies) = postProject
		{1906BDFE-F50D-493E-B702-C5E093DCB516} = {1906BDFE-F50D-493E-B702-C5E093DCB516}
		{56825277-6C38-4F6C-A0E5-17D446D3F565} = {56825277-6C38-4F6C-A0E5-17D446D3F565}
	EndProjectSection
EndProject
Project("{9A19103F-16F7-4668-BE54-9A1E7A4F7556}") = "Persistence", "Persistence\Persistence.csproj", "{56825277-6C38-4F6C-A0E5-17D446D3F565}"
	ProjectSection(ProjectDependencies) = postProject
		{D9F1996C-21B8-463A-9A11-8A8175A279B7} = {D9F1996C-21B8-463A-9A11-8A8175A279B7}
	EndProjectSection
EndProject
Project("{9A19103F-16F7-4668-BE54-9A1E7A4F7556}") = "Presentation", "Presentation\Presentation.csproj", "{6BE28180-3359-4175-A6FF-EF4F15546EF0}"
	ProjectSection(ProjectDependencies) = postProject
		{1906BDFE-F50D-493E-B702-C5E093DCB516} = {1906BDFE-F50D-493E-B702-C5E093DCB516}
	EndProjectSection
EndProject
Global
	GlobalSection(SolutionConfigurationPlatforms) = preSolution
		Debug|Any CPU = Debug|Any CPU
		Release|Any CPU = Release|Any CPU
	EndGlobalSection
	GlobalSection(ProjectConfigurationPlatforms) = postSolution
		{7AE94F08-8B62-4391-A789-A55016DE51D1}.Debug|Any CPU.ActiveCfg = Debug|Any CPU
		{7AE94F08-8B62-4391-A789-A55016DE51D1}.Debug|Any CPU.Build.0 = Debug|Any CPU
		{7AE94F08-8B62-4391-A789-A55016DE51D1}.Release|Any CPU.ActiveCfg = Release|Any CPU
		{7AE94F08-8B62-4391-A789-A55016DE51D1}.Release|Any CPU.Build.0 = Release|Any CPU
		{1906BDFE-F50D-493E-B702-C5E093DCB516}.Debug|Any CPU.ActiveCfg = Debug|Any CPU
		{1906BDFE-F50D-493E-B702-C5E093DCB516}.Debug|Any CPU.Build.0 = Debug|Any CPU
		{1906BDFE-F50D-493E-B702-C5E093DCB516}.Release|Any CPU.ActiveCfg = Release|Any CPU
		{1906BDFE-F50D-493E-B702-C5E093DCB516}.Release|Any CPU.Build.0 = Release|Any CPU
		{D9F1996C-21B8-463A-9A11-8A8175A279B7}.Debug|Any CPU.ActiveCfg = Debug|Any CPU
		{D9F1996C-21B8-463A-9A11-8A8175A279B7}.Debug|Any CPU.Build.0 = Debug|Any CPU
		{D9F1996C-21B8-463A-9A11-8A8175A279B7}.Release|Any CPU.ActiveCfg = Release|Any CPU
		{D9F1996C-21B8-463A-9A11-8A8175A279B7}.Release|Any CPU.Build.0 = Release|Any CPU
		{3AB87C8E-8190-420A-8AD8-A43C93808E54}.Debug|Any CPU.ActiveCfg = Debug|Any CPU
		{3AB87C8E-8190-420A-8AD8-A43C93808E54}.Debug|Any CPU.Build.0 = Debug|Any CPU
		{3AB87C8E-8190-420A-8AD8-A43C93808E54}.Release|Any CPU.ActiveCfg = Release|Any CPU
		{3AB87C8E-8190-420A-8AD8-A43C93808E54}.Release|Any CPU.Build.0 = Release|Any CPU
		{56825277-6C38-4F6C-A0E5-17D446D3F565}.Debug|Any CPU.ActiveCfg = Debug|Any CPU
		{56825277-6C38-4F6C-A0E5-17D446D3F565}.Debug|Any CPU.Build.0 = Debug|Any CPU
		{56825277-6C38-4F6C-A0E5-17D446D3F565}.Release|Any CPU.ActiveCfg = Release|Any CPU
		{56825277-6C38-4F6C-A0E5-17D446D3F565}.Release|Any CPU.Build.0 = Release|Any CPU
		{6BE28180-3359-4175-A6FF-EF4F15546EF0}.Debug|Any CPU.ActiveCfg = Debug|Any CPU
		{6BE28180-3359-4175-A6FF-EF4F15546EF0}.Debug|Any CPU.Build.0 = Debug|Any CPU
		{6BE28180-3359-4175-A6FF-EF4F15546EF0}.Release|Any CPU.ActiveCfg = Release|Any CPU
		{6BE28180-3359-4175-A6FF-EF4F15546EF0}.Release|Any CPU.Build.0 = Release|Any CPU
	EndGlobalSection
	GlobalSection(SolutionProperties) = preSolution
		HideSolutionNode = FALSE
	EndGlobalSection
	GlobalSection(NestedProjects) = preSolution
		{7AE94F08-8B62-4391-A789-A55016DE51D1} = {761AC6DE-13DC-4E60-BCCE-E5D777F6DBDC}
		{1906BDFE-F50D-493E-B702-C5E093DCB516} = {761AC6DE-13DC-4E60-BCCE-E5D777F6DBDC}
		{D9F1996C-21B8-463A-9A11-8A8175A279B7} = {761AC6DE-13DC-4E60-BCCE-E5D777F6DBDC}
		{3AB87C8E-8190-420A-8AD8-A43C93808E54} = {761AC6DE-13DC-4E60-BCCE-E5D777F6DBDC}
		{56825277-6C38-4F6C-A0E5-17D446D3F565} = {761AC6DE-13DC-4E60-BCCE-E5D777F6DBDC}
		{6BE28180-3359-4175-A6FF-EF4F15546EF0} = {761AC6DE-13DC-4E60-BCCE-E5D777F6DBDC}
	EndGlobalSection
	GlobalSection(ExtensibilityGlobals) = postSolution
		SolutionGuid = {1801C177-6860-455E-84A2-931CB8DA85FF}
	EndGlobalSection
EndGlobal
