
Microsoft Visual Studio Solution File, Format Version 12.00
# Visual Studio Version 17
VisualStudioVersion = 17.5.2.0
MinimumVisualStudioVersion = 10.0.40219.1
Project("{FAE04EC0-301F-11D3-BF4B-00C04F79EFBC}") = "TrackYourLife.App", "App\TrackYourLife.App.csproj", "{25C7409F-A001-F7C3-0A17-71EDF2B9BEC4}"
EndProject
Project("{2150E333-8FDC-42A3-9474-1A3956D46DE8}") = "SharedLib", "SharedLib", "{3FCA034F-F291-D711-2AF7-385EA34D5E6F}"
EndProject
Project("{2150E333-8FDC-42A3-9474-1A3956D46DE8}") = "Tests", "Tests", "{0AB3BF05-4346-4AA6-1389-037BE0695223}"
EndProject
Project("{2150E333-8FDC-42A3-9474-1A3956D46DE8}") = "Modules", "Modules", "{CA253913-39DE-BFD0-C9A3-4B7EC6FBDF17}"
EndProject
Project("{FAE04EC0-301F-11D3-BF4B-00C04F79EFBC}") = "TrackYourLife.SharedLib.Application", "SharedLib\TrackYourLife.SharedLib.Application\TrackYourLife.SharedLib.Application.csproj", "{B586987C-10C2-5218-135C-3C3511D405C8}"
EndProject
Project("{FAE04EC0-301F-11D3-BF4B-00C04F79EFBC}") = "TrackYourLife.SharedLib.Contracts", "SharedLib\TrackYourLife.SharedLib.Contracts\TrackYourLife.SharedLib.Contracts.csproj", "{166C9512-7296-25FD-E8DF-6E3A0537EB95}"
EndProject
Project("{FAE04EC0-301F-11D3-BF4B-00C04F79EFBC}") = "TrackYourLife.SharedLib.Domain", "SharedLib\TrackYourLife.SharedLib.Domain\TrackYourLife.SharedLib.Domain.csproj", "{96F52E38-C8E7-FFC2-1DB9-FDC6EB9DACA7}"
EndProject
Project("{FAE04EC0-301F-11D3-BF4B-00C04F79EFBC}") = "TrackYourLife.SharedLib.Infrastructure", "SharedLib\TrackYourLife.SharedLib.Infrastructure\TrackYourLife.SharedLib.Infrastructure.csproj", "{6358A446-DDDC-A470-72C7-CB90FADFE442}"
EndProject
Project("{FAE04EC0-301F-11D3-BF4B-00C04F79EFBC}") = "TrackYourLife.SharedLib.Presentation", "SharedLib\TrackYourLife.SharedLib.Presentation\TrackYourLife.SharedLib.Presentation.csproj", "{C48882A2-E36D-A15F-EB58-EED56D866608}"
EndProject
Project("{FAE04EC0-301F-11D3-BF4B-00C04F79EFBC}") = "TrackYourLife.ArchitectureTests", "Tests\TrackYourLife.ArchitectureTests\TrackYourLife.ArchitectureTests.csproj", "{6448CE03-B5A2-6697-DEEB-E2C5C54B6B3A}"
EndProject
Project("{2150E333-8FDC-42A3-9474-1A3956D46DE8}") = "Common", "Common", "{F75BCD31-065A-449D-0BFB-8CC2FA76654A}"
EndProject
Project("{FAE04EC0-301F-11D3-BF4B-00C04F79EFBC}") = "TrackYourLife.Modules.Common.Application", "Modules\Common\TrackYourLife.Modules.Common.Application\TrackYourLife.Modules.Common.Application.csproj", "{9CAE0D43-4946-C521-E269-769EB921976E}"
EndProject
Project("{FAE04EC0-301F-11D3-BF4B-00C04F79EFBC}") = "TrackYourLife.Modules.Common.Contracts", "Modules\Common\TrackYourLife.Modules.Common.Contracts\TrackYourLife.Modules.Common.Contracts.csproj", "{F06BA1E0-0003-AE41-B00D-532B7C7CBA44}"
EndProject
Project("{FAE04EC0-301F-11D3-BF4B-00C04F79EFBC}") = "TrackYourLife.Modules.Common.Domain", "Modules\Common\TrackYourLife.Modules.Common.Domain\TrackYourLife.Modules.Common.Domain.csproj", "{3D207C2B-4DB7-2DD1-4D06-79E4EDC1812E}"
EndProject
Project("{FAE04EC0-301F-11D3-BF4B-00C04F79EFBC}") = "TrackYourLife.Modules.Common.Infrastructure", "Modules\Common\TrackYourLife.Modules.Common.Infrastructure\TrackYourLife.Modules.Common.Infrastructure.csproj", "{AADF40B8-A4A8-59E7-46C1-15CA9CB1C9C3}"
EndProject
Project("{FAE04EC0-301F-11D3-BF4B-00C04F79EFBC}") = "TrackYourLife.Modules.Common.Presentation", "Modules\Common\TrackYourLife.Modules.Common.Presentation\TrackYourLife.Modules.Common.Presentation.csproj", "{E19184CC-0AEB-5987-20CE-C4FC020AC3B0}"
EndProject
Project("{2150E333-8FDC-42A3-9474-1A3956D46DE8}") = "Nutrition", "Nutrition", "{28205EDC-265F-877A-48B4-FDF19D216668}"
EndProject
Project("{FAE04EC0-301F-11D3-BF4B-00C04F79EFBC}") = "TrackYourLife.Modules.Nutrition.Application", "Modules\Nutrition\TrackYourLife.Modules.Nutrition.Application\TrackYourLife.Modules.Nutrition.Application.csproj", "{020B2927-1326-AAC4-3742-2CC2BB07D8AF}"
EndProject
Project("{FAE04EC0-301F-11D3-BF4B-00C04F79EFBC}") = "TrackYourLife.Modules.Nutrition.Contracts", "Modules\Nutrition\TrackYourLife.Modules.Nutrition.Contracts\TrackYourLife.Modules.Nutrition.Contracts.csproj", "{7801C95C-564E-D42F-1122-1A328051E9B0}"
EndProject
Project("{FAE04EC0-301F-11D3-BF4B-00C04F79EFBC}") = "TrackYourLife.Modules.Nutrition.Domain", "Modules\Nutrition\TrackYourLife.Modules.Nutrition.Domain\TrackYourLife.Modules.Nutrition.Domain.csproj", "{DC123DF8-38C8-07E0-4EC4-A99014549848}"
EndProject
Project("{FAE04EC0-301F-11D3-BF4B-00C04F79EFBC}") = "TrackYourLife.Modules.Nutrition.Infrastructure", "Modules\Nutrition\TrackYourLife.Modules.Nutrition.Infrastructure\TrackYourLife.Modules.Nutrition.Infrastructure.csproj", "{8AC720D8-C2A3-4640-A3AF-42A245DF3ECC}"
EndProject
Project("{FAE04EC0-301F-11D3-BF4B-00C04F79EFBC}") = "TrackYourLife.Modules.Nutrition.Presentation", "Modules\Nutrition\TrackYourLife.Modules.Nutrition.Presentation\TrackYourLife.Modules.Nutrition.Presentation.csproj", "{7FA20377-851D-A1DD-4233-5AEDD2B7CB3D}"
EndProject
Project("{2150E333-8FDC-42A3-9474-1A3956D46DE8}") = "Users", "Users", "{6E738700-F19F-83EF-9B5F-3C8900D73B86}"
EndProject
Project("{FAE04EC0-301F-11D3-BF4B-00C04F79EFBC}") = "TrackYourLife.Modules.Users.Application", "Modules\Users\TrackYourLife.Modules.Users.Application\TrackYourLife.Modules.Users.Application.csproj", "{2A94FAC6-9245-9CEB-3D22-79124530C2AE}"
EndProject
Project("{FAE04EC0-301F-11D3-BF4B-00C04F79EFBC}") = "TrackYourLife.Modules.Users.Contracts", "Modules\Users\TrackYourLife.Modules.Users.Contracts\TrackYourLife.Modules.Users.Contracts.csproj", "{20C1A06E-B3EA-7F21-97F4-39B4E17A6B88}"
EndProject
Project("{FAE04EC0-301F-11D3-BF4B-00C04F79EFBC}") = "TrackYourLife.Modules.Users.Domain", "Modules\Users\TrackYourLife.Modules.Users.Domain\TrackYourLife.Modules.Users.Domain.csproj", "{81606D62-F153-2BB1-4147-6CB4649E6D7F}"
EndProject
Project("{FAE04EC0-301F-11D3-BF4B-00C04F79EFBC}") = "TrackYourLife.Modules.Users.Infrastructure", "Modules\Users\TrackYourLife.Modules.Users.Infrastructure\TrackYourLife.Modules.Users.Infrastructure.csproj", "{1EB7247A-BCE4-33E3-7341-E17336BFF34D}"
EndProject
Project("{FAE04EC0-301F-11D3-BF4B-00C04F79EFBC}") = "TrackYourLife.Modules.Users.Presentation", "Modules\Users\TrackYourLife.Modules.Users.Presentation\TrackYourLife.Modules.Users.Presentation.csproj", "{B203ACE6-99A7-4B5D-43A6-C840C4F705F8}"
EndProject
Project("{2150E333-8FDC-42A3-9474-1A3956D46DE8}") = "tests", "tests", "{69F4EB96-CD44-5844-512E-9C280B57EA67}"
EndProject
Project("{FAE04EC0-301F-11D3-BF4B-00C04F79EFBC}") = "TrackYourLife.Modules.Common.Application.UnitTests", "Modules\Common\tests\TrackYourLife.Modules.Common.Application.UnitTests\TrackYourLife.Modules.Common.Application.UnitTests.csproj", "{F2B78B4B-509C-76EB-DAAC-BC7C21629A32}"
EndProject
Project("{FAE04EC0-301F-11D3-BF4B-00C04F79EFBC}") = "TrackYourLife.Modules.Common.Infrastructure.UnitTests", "Modules\Common\tests\TrackYourLife.Modules.Common.Infrastructure.UnitTests\TrackYourLife.Modules.Common.Infrastructure.UnitTests.csproj", "{6AEF59A6-B465-1CC5-D8D1-68B0EC6B2401}"
EndProject
Project("{FAE04EC0-301F-11D3-BF4B-00C04F79EFBC}") = "TrackYourLife.Modules.Common.Presentation.UnitTests", "Modules\Common\tests\TrackYourLife.Modules.Common.Presentation.UnitTests\TrackYourLife.Modules.Common.Presentation.UnitTests.csproj", "{005D23D9-98A0-02B6-8C05-8C6240FBF66A}"
EndProject
Project("{2150E333-8FDC-42A3-9474-1A3956D46DE8}") = "Tests", "Tests", "{1D6B1D38-BDEB-BE07-8FCE-3364BEFA2422}"
EndProject
Project("{FAE04EC0-301F-11D3-BF4B-00C04F79EFBC}") = "TrackYourLife.Modules.Nutrition.Application.UnitTests", "Modules\Nutrition\Tests\TrackYourLife.Modules.Nutrition.Application.UnitTests\TrackYourLife.Modules.Nutrition.Application.UnitTests.csproj", "{FC99BECA-A288-7E7B-3D01-15E43269B892}"
EndProject
Project("{FAE04EC0-301F-11D3-BF4B-00C04F79EFBC}") = "TrackYourLife.Modules.Nutrition.Domain.UnitTests", "Modules\Nutrition\Tests\TrackYourLife.Modules.Nutrition.Domain.UnitTests\TrackYourLife.Modules.Nutrition.Domain.UnitTests.csproj", "{BDF0E02A-A01D-1ABF-7C47-C270C6D2364C}"
EndProject
Project("{FAE04EC0-301F-11D3-BF4B-00C04F79EFBC}") = "TrackYourLife.Modules.Nutrition.Infrastructure.UnitTests", "Modules\Nutrition\Tests\TrackYourLife.Modules.Nutrition.Infrastructure.UnitTests\TrackYourLife.Modules.Nutrition.Infrastructure.UnitTests.csproj", "{B4EAB592-0127-60C2-0F2B-47F77EE9F884}"
EndProject
Project("{2150E333-8FDC-42A3-9474-1A3956D46DE8}") = "Solution Items", "Solution Items", "{089100B1-113F-4E66-888A-E83F3999EAFD}"
	ProjectSection(SolutionItems) = preProject
		.editorconfig = .editorconfig
		Directory.Build.props = Directory.Build.props
		Directory.Packages.props = Directory.Packages.props
	EndProjectSection
EndProject
Project("{2150E333-8FDC-42A3-9474-1A3956D46DE8}") = "Tests", "Tests", "{02EA681E-C7D8-13C7-8484-4AC65E1B71E8}"
EndProject
Project("{FAE04EC0-301F-11D3-BF4B-00C04F79EFBC}") = "TrackYourLife.Modules.Users.Infrastructure.UnitTests", "Modules\Users\Tests\TrackYourLife.Modules.Users.Infrastructure.UnitTests\TrackYourLife.Modules.Users.Infrastructure.UnitTests.csproj", "{E99F957D-CD78-4905-9E6F-5D3CF7ACB0AD}"
EndProject
Project("{2150E333-8FDC-42A3-9474-1A3956D46DE8}") = "Tests", "Tests", "{8DAF2D35-88C4-468A-BED4-A05DC67B24E4}"
EndProject
Project("{FAE04EC0-301F-11D3-BF4B-00C04F79EFBC}") = "TrackYourLife.SharedLib.Application.UnitTests", "SharedLib\Tests\TrackYourLife.SharedLib.Application.UnitTests\TrackYourLife.SharedLib.Application.UnitTests.csproj", "{2B0020AD-D218-479E-D059-1A22996046F7}"
EndProject
Project("{FAE04EC0-301F-11D3-BF4B-00C04F79EFBC}") = "TrackYourLife.SharedLib.Domain.UnitTests", "SharedLib\Tests\TrackYourLife.SharedLib.Domain.UnitTests\TrackYourLife.SharedLib.Domain.UnitTests.csproj", "{5DAE562F-27AE-A47C-B45B-0FC1B39F7DF8}"
EndProject
Project("{FAE04EC0-301F-11D3-BF4B-00C04F79EFBC}") = "TrackYourLife.SharedLib.Infrastructure.UnitTests", "SharedLib\Tests\TrackYourLife.SharedLib.Infrastructure.UnitTests\TrackYourLife.SharedLib.Infrastructure.UnitTests.csproj", "{B21FD8BD-DC49-FB56-F27E-89EE718ECCAA}"
EndProject
Project("{FAE04EC0-301F-11D3-BF4B-00C04F79EFBC}") = "TrackYourLife.Modules.Common.Domain.UnitTests", "Modules\Common\tests\TrackYourLife.Modules.Common.Domain.UnitTests\TrackYourLife.Modules.Common.Domain.UnitTests.csproj", "{BCA16CCD-240A-1181-B88F-6FA350874CAF}"
EndProject
Project("{FAE04EC0-301F-11D3-BF4B-00C04F79EFBC}") = "TrackYourLife.Modules.Nutrition.Presentation.UnitTests", "Modules\Nutrition\Tests\TrackYourLife.Modules.Nutrition.Presentation.UnitTests\TrackYourLife.Modules.Nutrition.Presentation.UnitTests.csproj", "{94565973-2E03-EC41-F65B-E1474624B0EF}"
EndProject
Project("{FAE04EC0-301F-11D3-BF4B-00C04F79EFBC}") = "TrackYourLife.Modules.Users.Application.UnitTests", "Modules\Users\Tests\TrackYourLife.Modules.Users.Application.UnitTests\TrackYourLife.Modules.Users.Application.UnitTests.csproj", "{5867C086-155F-561F-F03D-4AF50A6C3A8B}"
EndProject
Project("{FAE04EC0-301F-11D3-BF4B-00C04F79EFBC}") = "TrackYourLife.Modules.Users.Domain.UnitTests", "Modules\Users\Tests\TrackYourLife.Modules.Users.Domain.UnitTests\TrackYourLife.Modules.Users.Domain.UnitTests.csproj", "{367FFA98-A835-2650-F062-C8DEA23F3B06}"
EndProject
Project("{FAE04EC0-301F-11D3-BF4B-00C04F79EFBC}") = "TrackYourLife.SharedLib.Presentation.UnitTests", "SharedLib\Tests\TrackYourLife.SharedLib.Presentation.UnitTests\TrackYourLife.SharedLib.Presentation.UnitTests.csproj", "{AD00AC17-6DAD-77B0-357C-DF86FE7B8562}"
EndProject
Project("{FAE04EC0-301F-11D3-BF4B-00C04F79EFBC}") = "TrackYourLife.Modules.Nutrition.FunctionalTests", "Modules\Nutrition\Tests\TrackYourLife.Modules.Nutrition.FunctionalTests\TrackYourLife.Modules.Nutrition.FunctionalTests.csproj", "{A7B8D699-2048-E2D2-D21B-FC577F235CB8}"
EndProject
Project("{FAE04EC0-301F-11D3-BF4B-00C04F79EFBC}") = "TrackYourLife.SharedLib.FunctionalTests", "SharedLib\Tests\TrackYourLife.SharedLib.FunctionalTests\TrackYourLife.SharedLib.FunctionalTests.csproj", "{B27A7023-73F8-429D-9F7D-98F2F2C70FA0}"
EndProject
Project("{FAE04EC0-301F-11D3-BF4B-00C04F79EFBC}") = "TrackYourLife.Modules.Users.FunctionalTests", "Modules\Users\Tests\TrackYourLife.Modules.Users.FunctionalTests\TrackYourLife.Modules.Users.FunctionalTests.csproj", "{F5D54BC4-053E-4298-965E-74581687FE01}"
EndProject
Project("{FAE04EC0-301F-11D3-BF4B-00C04F79EFBC}") = "TrackYourLife.Modules.Users.Presentation.UnitTests", "Modules\Users\Tests\TrackYourLife.Modules.Users.Presentation.UnitTests\TrackYourLife.Modules.Users.Presentation.UnitTests.csproj", "{40547B7B-2788-4EE5-A6E2-7365080C670A}"
EndProject
Project("{2150E333-8FDC-42A3-9474-1A3956D46DE8}") = "Trainings", "Trainings", "{916C534F-16B6-442A-B74A-266066156AC3}"
EndProject
Project("{2150E333-8FDC-42A3-9474-1A3956D46DE8}") = "Tests", "Tests", "{102E62CA-0CF1-451D-BFED-8170CF587CFA}"
EndProject
Project("{FAE04EC0-301F-11D3-BF4B-00C04F79EFBC}") = "TrackYourLife.Modules.Trainings.Domain", "Modules\Trainings\TrackYourLife.Modules.Trainings.Domain\TrackYourLife.Modules.Trainings.Domain.csproj", "{0A819B22-F237-428E-AC57-9B38A8A615D7}"
EndProject
Project("{FAE04EC0-301F-11D3-BF4B-00C04F79EFBC}") = "TrackYourLife.Modules.Trainings.Application", "Modules\Trainings\TrackYourLife.Modules.Trainings.Application\TrackYourLife.Modules.Trainings.Application.csproj", "{B4D5439C-5F48-41AB-8011-9F248C84332A}"
EndProject
Project("{FAE04EC0-301F-11D3-BF4B-00C04F79EFBC}") = "TrackYourLife.Modules.Trainings.Infrastructure", "Modules\Trainings\TrackYourLife.Modules.Trainings.Infrastructure\TrackYourLife.Modules.Trainings.Infrastructure.csproj", "{573EEAA2-FAF9-4489-9596-54D2FEB4038E}"
EndProject
Project("{FAE04EC0-301F-11D3-BF4B-00C04F79EFBC}") = "TrackYourLife.Modules.Trainings.Presentation", "Modules\Trainings\TrackYourLife.Modules.Trainings.Presentation\TrackYourLife.Modules.Trainings.Presentation.csproj", "{2D148905-ADDC-4454-9B58-F8CE768C77F0}"
EndProject
Project("{FAE04EC0-301F-11D3-BF4B-00C04F79EFBC}") = "TrackYourLife.Modules.Trainings.Domain.UnitTests", "Modules\Trainings\Tests\TrackYourLife.Modules.Trainings.Domain.UnitTests\TrackYourLife.Modules.Trainings.Domain.UnitTests.csproj", "{DBFC4DCF-F395-4EDD-BB8F-0BA9D1B31908}"
EndProject
Project("{FAE04EC0-301F-11D3-BF4B-00C04F79EFBC}") = "TrackYourLife.Modules.Trainings.Application.UnitTests", "Modules\Trainings\Tests\TrackYourLife.Modules.Trainings.Application.UnitTests\TrackYourLife.Modules.Trainings.Application.UnitTests.csproj", "{5A0BDE1C-1940-4C98-84E8-C7A112645AE7}"
EndProject
Project("{FAE04EC0-301F-11D3-BF4B-00C04F79EFBC}") = "TrackYourLife.Modules.Trainings.Infrastructure.UnitTests", "Modules\Trainings\Tests\TrackYourLife.Modules.Trainings.Infrastructure.UnitTests\TrackYourLife.Modules.Trainings.Infrastructure.UnitTests.csproj", "{AF0A7FE2-5159-42A0-AF22-E2BD88F374BC}"
EndProject
Project("{FAE04EC0-301F-11D3-BF4B-00C04F79EFBC}") = "TrackYourLife.Modules.Trainings.FunctionalTests", "Modules\Trainings\Tests\TrackYourLife.Modules.Trainings.FunctionalTests\TrackYourLife.Modules.Trainings.FunctionalTests.csproj", "{B3CD2110-FDAE-422B-9838-5D7DD4CE9211}"
EndProject
Project("{FAE04EC0-301F-11D3-BF4B-00C04F79EFBC}") = "TrackYourLife.Modules.Trainings.Presentation.UnitTests", "Modules\Trainings\Tests\TrackYourLife.Modules.Trainings.Presentation.UnitTests\TrackYourLife.Modules.Trainings.Presentation.UnitTests.csproj", "{068340B4-0CC8-4775-B534-B32E6DB739A2}"
EndProject
Project("{2150E333-8FDC-42A3-9474-1A3956D46DE8}") = "Youtube", "Youtube", "{5C72A668-BF18-5AF0-9D86-30A42B6FD517}"
EndProject
Project("{2150E333-8FDC-42A3-9474-1A3956D46DE8}") = "Tests", "Tests", "{25A89B8D-5938-EE6F-FF0B-B66EE71D7A14}"
EndProject
Project("{FAE04EC0-301F-11D3-BF4B-00C04F79EFBC}") = "TrackYourLife.Modules.Youtube.Application", "Modules\Youtube\TrackYourLife.Modules.Youtube.Application\TrackYourLife.Modules.Youtube.Application.csproj", "{AADE91F6-6925-46E9-83DB-4061225ADF84}"
EndProject
Project("{FAE04EC0-301F-11D3-BF4B-00C04F79EFBC}") = "TrackYourLife.Modules.Youtube.Domain", "Modules\Youtube\TrackYourLife.Modules.Youtube.Domain\TrackYourLife.Modules.Youtube.Domain.csproj", "{500D430D-A7E7-4763-B9E7-64C83B1A2A8B}"
EndProject
Project("{FAE04EC0-301F-11D3-BF4B-00C04F79EFBC}") = "TrackYourLife.Modules.Youtube.Infrastructure", "Modules\Youtube\TrackYourLife.Modules.Youtube.Infrastructure\TrackYourLife.Modules.Youtube.Infrastructure.csproj", "{1E1E8425-0060-46F7-BBA3-063EA26A53A3}"
EndProject
Project("{FAE04EC0-301F-11D3-BF4B-00C04F79EFBC}") = "TrackYourLife.Modules.Youtube.Presentation", "Modules\Youtube\TrackYourLife.Modules.Youtube.Presentation\TrackYourLife.Modules.Youtube.Presentation.csproj", "{D6634C10-FAF1-4533-8845-6915197349D7}"
EndProject
Project("{FAE04EC0-301F-11D3-BF4B-00C04F79EFBC}") = "TrackYourLife.Modules.Youtube.Application.UnitTests", "Modules\Youtube\Tests\TrackYourLife.Modules.Youtube.Application.UnitTests\TrackYourLife.Modules.Youtube.Application.UnitTests.csproj", "{00607D0B-4E8E-4C2F-8330-A7BF655580D0}"
EndProject
Project("{FAE04EC0-301F-11D3-BF4B-00C04F79EFBC}") = "TrackYourLife.Modules.Youtube.Domain.UnitTests", "Modules\Youtube\Tests\TrackYourLife.Modules.Youtube.Domain.UnitTests\TrackYourLife.Modules.Youtube.Domain.UnitTests.csproj", "{42AAB45B-CB91-472E-A280-5EBAF6B731A2}"
EndProject
Project("{FAE04EC0-301F-11D3-BF4B-00C04F79EFBC}") = "TrackYourLife.Modules.Youtube.Infrastructure.UnitTests", "Modules\Youtube\Tests\TrackYourLife.Modules.Youtube.Infrastructure.UnitTests\TrackYourLife.Modules.Youtube.Infrastructure.UnitTests.csproj", "{2C2185E6-7B92-4BA9-B4B9-11CFDDB82A98}"
EndProject
Project("{FAE04EC0-301F-11D3-BF4B-00C04F79EFBC}") = "TrackYourLife.Modules.Youtube.Presentation.UnitTests", "Modules\Youtube\Tests\TrackYourLife.Modules.Youtube.Presentation.UnitTests\TrackYourLife.Modules.Youtube.Presentation.UnitTests.csproj", "{5431DF9E-7216-4D93-8C1D-AA65A5EF9168}"
EndProject
Project("{FAE04EC0-301F-11D3-BF4B-00C04F79EFBC}") = "TrackYourLife.Modules.Youtube.FunctionalTests", "Modules\Youtube\Tests\TrackYourLife.Modules.Youtube.FunctionalTests\TrackYourLife.Modules.Youtube.FunctionalTests.csproj", "{386F95DA-3E66-4C63-AADE-439D7B932617}"
EndProject
Project("{FAE04EC0-301F-11D3-BF4B-00C04F79EFBC}") = "TrackYourLife.Modules.Youtube.Contracts", "Modules\Youtube\TrackYourLife.Modules.Youtube.Contracts\TrackYourLife.Modules.Youtube.Contracts.csproj", "{C67A4BD2-B5A9-4AC3-A09C-2388FF77EF5C}"
EndProject
Project("{2150E333-8FDC-42A3-9474-1A3956D46DE8}") = "Payments", "Payments", "{E1A2B3C4-D5E6-4F7A-8B9C-0D1E2F3A4B5C}"
EndProject
Project("{FAE04EC0-301F-11D3-BF4B-00C04F79EFBC}") = "TrackYourLife.Modules.Payments.Application", "Modules\Payments\TrackYourLife.Modules.Payments.Application\TrackYourLife.Modules.Payments.Application.csproj", "{F1A2B3C4-D5E6-4F7A-8B9C-0D1E2F3A4B5D}"
EndProject
Project("{FAE04EC0-301F-11D3-BF4B-00C04F79EFBC}") = "TrackYourLife.Modules.Payments.Infrastructure", "Modules\Payments\TrackYourLife.Modules.Payments.Infrastructure\TrackYourLife.Modules.Payments.Infrastructure.csproj", "{F2A2B3C4-D5E6-4F7A-8B9C-0D1E2F3A4B5E}"
EndProject
Project("{FAE04EC0-301F-11D3-BF4B-00C04F79EFBC}") = "TrackYourLife.Modules.Payments.Presentation", "Modules\Payments\TrackYourLife.Modules.Payments.Presentation\TrackYourLife.Modules.Payments.Presentation.csproj", "{F3A2B3C4-D5E6-4F7A-8B9C-0D1E2F3A4B5F}"
EndProject
Project("{FAE04EC0-301F-11D3-BF4B-00C04F79EFBC}") = "TrackYourLife.Modules.Payments.Application.UnitTests", "Modules\Payments\Tests\TrackYourLife.Modules.Payments.Application.UnitTests\TrackYourLife.Modules.Payments.Application.UnitTests.csproj", "{F4A2B3C4-D5E6-4F7A-8B9C-0D1E2F3A4B60}"
EndProject
Project("{FAE04EC0-301F-11D3-BF4B-00C04F79EFBC}") = "TrackYourLife.Modules.Payments.Presentation.UnitTests", "Modules\Payments\Tests\TrackYourLife.Modules.Payments.Presentation.UnitTests\TrackYourLife.Modules.Payments.Presentation.UnitTests.csproj", "{F5A2B3C4-D5E6-4F7A-8B9C-0D1E2F3A4B61}"
EndProject
Project("{FAE04EC0-301F-11D3-BF4B-00C04F79EFBC}") = "TrackYourLife.Modules.Payments.Infrastructure.UnitTests", "Modules\Payments\Tests\TrackYourLife.Modules.Payments.Infrastructure.UnitTests\TrackYourLife.Modules.Payments.Infrastructure.UnitTests.csproj", "{F6A2B3C4-D5E6-4F7A-8B9C-0D1E2F3A4B62}"
EndProject
Project("{FAE04EC0-301F-11D3-BF4B-00C04F79EFBC}") = "TrackYourLife.Modules.Payments.FunctionalTests", "Modules\Payments\Tests\TrackYourLife.Modules.Payments.FunctionalTests\TrackYourLife.Modules.Payments.FunctionalTests.csproj", "{F7A2B3C4-D5E6-4F7A-8B9C-0D1E2F3A4B63}"
EndProject
Global
	GlobalSection(SolutionConfigurationPlatforms) = preSolution
		Debug|Any CPU = Debug|Any CPU
		Debug|x64 = Debug|x64
		Debug|x86 = Debug|x86
		Release|Any CPU = Release|Any CPU
		Release|x64 = Release|x64
		Release|x86 = Release|x86
	EndGlobalSection
	GlobalSection(ProjectConfigurationPlatforms) = postSolution
		{25C7409F-A001-F7C3-0A17-71EDF2B9BEC4}.Debug|Any CPU.ActiveCfg = Debug|Any CPU
		{25C7409F-A001-F7C3-0A17-71EDF2B9BEC4}.Debug|Any CPU.Build.0 = Debug|Any CPU
		{25C7409F-A001-F7C3-0A17-71EDF2B9BEC4}.Debug|x64.ActiveCfg = Debug|Any CPU
		{25C7409F-A001-F7C3-0A17-71EDF2B9BEC4}.Debug|x64.Build.0 = Debug|Any CPU
		{25C7409F-A001-F7C3-0A17-71EDF2B9BEC4}.Debug|x86.ActiveCfg = Debug|Any CPU
		{25C7409F-A001-F7C3-0A17-71EDF2B9BEC4}.Debug|x86.Build.0 = Debug|Any CPU
		{25C7409F-A001-F7C3-0A17-71EDF2B9BEC4}.Release|Any CPU.ActiveCfg = Release|Any CPU
		{25C7409F-A001-F7C3-0A17-71EDF2B9BEC4}.Release|Any CPU.Build.0 = Release|Any CPU
		{25C7409F-A001-F7C3-0A17-71EDF2B9BEC4}.Release|x64.ActiveCfg = Release|Any CPU
		{25C7409F-A001-F7C3-0A17-71EDF2B9BEC4}.Release|x64.Build.0 = Release|Any CPU
		{25C7409F-A001-F7C3-0A17-71EDF2B9BEC4}.Release|x86.ActiveCfg = Release|Any CPU
		{25C7409F-A001-F7C3-0A17-71EDF2B9BEC4}.Release|x86.Build.0 = Release|Any CPU
		{B586987C-10C2-5218-135C-3C3511D405C8}.Debug|Any CPU.ActiveCfg = Debug|Any CPU
		{B586987C-10C2-5218-135C-3C3511D405C8}.Debug|Any CPU.Build.0 = Debug|Any CPU
		{B586987C-10C2-5218-135C-3C3511D405C8}.Debug|x64.ActiveCfg = Debug|Any CPU
		{B586987C-10C2-5218-135C-3C3511D405C8}.Debug|x64.Build.0 = Debug|Any CPU
		{B586987C-10C2-5218-135C-3C3511D405C8}.Debug|x86.ActiveCfg = Debug|Any CPU
		{B586987C-10C2-5218-135C-3C3511D405C8}.Debug|x86.Build.0 = Debug|Any CPU
		{B586987C-10C2-5218-135C-3C3511D405C8}.Release|Any CPU.ActiveCfg = Release|Any CPU
		{B586987C-10C2-5218-135C-3C3511D405C8}.Release|Any CPU.Build.0 = Release|Any CPU
		{B586987C-10C2-5218-135C-3C3511D405C8}.Release|x64.ActiveCfg = Release|Any CPU
		{B586987C-10C2-5218-135C-3C3511D405C8}.Release|x64.Build.0 = Release|Any CPU
		{B586987C-10C2-5218-135C-3C3511D405C8}.Release|x86.ActiveCfg = Release|Any CPU
		{B586987C-10C2-5218-135C-3C3511D405C8}.Release|x86.Build.0 = Release|Any CPU
		{166C9512-7296-25FD-E8DF-6E3A0537EB95}.Debug|Any CPU.ActiveCfg = Debug|Any CPU
		{166C9512-7296-25FD-E8DF-6E3A0537EB95}.Debug|Any CPU.Build.0 = Debug|Any CPU
		{166C9512-7296-25FD-E8DF-6E3A0537EB95}.Debug|x64.ActiveCfg = Debug|Any CPU
		{166C9512-7296-25FD-E8DF-6E3A0537EB95}.Debug|x64.Build.0 = Debug|Any CPU
		{166C9512-7296-25FD-E8DF-6E3A0537EB95}.Debug|x86.ActiveCfg = Debug|Any CPU
		{166C9512-7296-25FD-E8DF-6E3A0537EB95}.Debug|x86.Build.0 = Debug|Any CPU
		{166C9512-7296-25FD-E8DF-6E3A0537EB95}.Release|Any CPU.ActiveCfg = Release|Any CPU
		{166C9512-7296-25FD-E8DF-6E3A0537EB95}.Release|Any CPU.Build.0 = Release|Any CPU
		{166C9512-7296-25FD-E8DF-6E3A0537EB95}.Release|x64.ActiveCfg = Release|Any CPU
		{166C9512-7296-25FD-E8DF-6E3A0537EB95}.Release|x64.Build.0 = Release|Any CPU
		{166C9512-7296-25FD-E8DF-6E3A0537EB95}.Release|x86.ActiveCfg = Release|Any CPU
		{166C9512-7296-25FD-E8DF-6E3A0537EB95}.Release|x86.Build.0 = Release|Any CPU
		{96F52E38-C8E7-FFC2-1DB9-FDC6EB9DACA7}.Debug|Any CPU.ActiveCfg = Debug|Any CPU
		{96F52E38-C8E7-FFC2-1DB9-FDC6EB9DACA7}.Debug|Any CPU.Build.0 = Debug|Any CPU
		{96F52E38-C8E7-FFC2-1DB9-FDC6EB9DACA7}.Debug|x64.ActiveCfg = Debug|Any CPU
		{96F52E38-C8E7-FFC2-1DB9-FDC6EB9DACA7}.Debug|x64.Build.0 = Debug|Any CPU
		{96F52E38-C8E7-FFC2-1DB9-FDC6EB9DACA7}.Debug|x86.ActiveCfg = Debug|Any CPU
		{96F52E38-C8E7-FFC2-1DB9-FDC6EB9DACA7}.Debug|x86.Build.0 = Debug|Any CPU
		{96F52E38-C8E7-FFC2-1DB9-FDC6EB9DACA7}.Release|Any CPU.ActiveCfg = Release|Any CPU
		{96F52E38-C8E7-FFC2-1DB9-FDC6EB9DACA7}.Release|Any CPU.Build.0 = Release|Any CPU
		{96F52E38-C8E7-FFC2-1DB9-FDC6EB9DACA7}.Release|x64.ActiveCfg = Release|Any CPU
		{96F52E38-C8E7-FFC2-1DB9-FDC6EB9DACA7}.Release|x64.Build.0 = Release|Any CPU
		{96F52E38-C8E7-FFC2-1DB9-FDC6EB9DACA7}.Release|x86.ActiveCfg = Release|Any CPU
		{96F52E38-C8E7-FFC2-1DB9-FDC6EB9DACA7}.Release|x86.Build.0 = Release|Any CPU
		{6358A446-DDDC-A470-72C7-CB90FADFE442}.Debug|Any CPU.ActiveCfg = Debug|Any CPU
		{6358A446-DDDC-A470-72C7-CB90FADFE442}.Debug|Any CPU.Build.0 = Debug|Any CPU
		{6358A446-DDDC-A470-72C7-CB90FADFE442}.Debug|x64.ActiveCfg = Debug|Any CPU
		{6358A446-DDDC-A470-72C7-CB90FADFE442}.Debug|x64.Build.0 = Debug|Any CPU
		{6358A446-DDDC-A470-72C7-CB90FADFE442}.Debug|x86.ActiveCfg = Debug|Any CPU
		{6358A446-DDDC-A470-72C7-CB90FADFE442}.Debug|x86.Build.0 = Debug|Any CPU
		{6358A446-DDDC-A470-72C7-CB90FADFE442}.Release|Any CPU.ActiveCfg = Release|Any CPU
		{6358A446-DDDC-A470-72C7-CB90FADFE442}.Release|Any CPU.Build.0 = Release|Any CPU
		{6358A446-DDDC-A470-72C7-CB90FADFE442}.Release|x64.ActiveCfg = Release|Any CPU
		{6358A446-DDDC-A470-72C7-CB90FADFE442}.Release|x64.Build.0 = Release|Any CPU
		{6358A446-DDDC-A470-72C7-CB90FADFE442}.Release|x86.ActiveCfg = Release|Any CPU
		{6358A446-DDDC-A470-72C7-CB90FADFE442}.Release|x86.Build.0 = Release|Any CPU
		{C48882A2-E36D-A15F-EB58-EED56D866608}.Debug|Any CPU.ActiveCfg = Debug|Any CPU
		{C48882A2-E36D-A15F-EB58-EED56D866608}.Debug|Any CPU.Build.0 = Debug|Any CPU
		{C48882A2-E36D-A15F-EB58-EED56D866608}.Debug|x64.ActiveCfg = Debug|Any CPU
		{C48882A2-E36D-A15F-EB58-EED56D866608}.Debug|x64.Build.0 = Debug|Any CPU
		{C48882A2-E36D-A15F-EB58-EED56D866608}.Debug|x86.ActiveCfg = Debug|Any CPU
		{C48882A2-E36D-A15F-EB58-EED56D866608}.Debug|x86.Build.0 = Debug|Any CPU
		{C48882A2-E36D-A15F-EB58-EED56D866608}.Release|Any CPU.ActiveCfg = Release|Any CPU
		{C48882A2-E36D-A15F-EB58-EED56D866608}.Release|Any CPU.Build.0 = Release|Any CPU
		{C48882A2-E36D-A15F-EB58-EED56D866608}.Release|x64.ActiveCfg = Release|Any CPU
		{C48882A2-E36D-A15F-EB58-EED56D866608}.Release|x64.Build.0 = Release|Any CPU
		{C48882A2-E36D-A15F-EB58-EED56D866608}.Release|x86.ActiveCfg = Release|Any CPU
		{C48882A2-E36D-A15F-EB58-EED56D866608}.Release|x86.Build.0 = Release|Any CPU
		{6448CE03-B5A2-6697-DEEB-E2C5C54B6B3A}.Debug|Any CPU.ActiveCfg = Debug|Any CPU
		{6448CE03-B5A2-6697-DEEB-E2C5C54B6B3A}.Debug|Any CPU.Build.0 = Debug|Any CPU
		{6448CE03-B5A2-6697-DEEB-E2C5C54B6B3A}.Debug|x64.ActiveCfg = Debug|Any CPU
		{6448CE03-B5A2-6697-DEEB-E2C5C54B6B3A}.Debug|x64.Build.0 = Debug|Any CPU
		{6448CE03-B5A2-6697-DEEB-E2C5C54B6B3A}.Debug|x86.ActiveCfg = Debug|Any CPU
		{6448CE03-B5A2-6697-DEEB-E2C5C54B6B3A}.Debug|x86.Build.0 = Debug|Any CPU
		{6448CE03-B5A2-6697-DEEB-E2C5C54B6B3A}.Release|Any CPU.ActiveCfg = Release|Any CPU
		{6448CE03-B5A2-6697-DEEB-E2C5C54B6B3A}.Release|Any CPU.Build.0 = Release|Any CPU
		{6448CE03-B5A2-6697-DEEB-E2C5C54B6B3A}.Release|x64.ActiveCfg = Release|Any CPU
		{6448CE03-B5A2-6697-DEEB-E2C5C54B6B3A}.Release|x64.Build.0 = Release|Any CPU
		{6448CE03-B5A2-6697-DEEB-E2C5C54B6B3A}.Release|x86.ActiveCfg = Release|Any CPU
		{6448CE03-B5A2-6697-DEEB-E2C5C54B6B3A}.Release|x86.Build.0 = Release|Any CPU
		{9CAE0D43-4946-C521-E269-769EB921976E}.Debug|Any CPU.ActiveCfg = Debug|Any CPU
		{9CAE0D43-4946-C521-E269-769EB921976E}.Debug|Any CPU.Build.0 = Debug|Any CPU
		{9CAE0D43-4946-C521-E269-769EB921976E}.Debug|x64.ActiveCfg = Debug|Any CPU
		{9CAE0D43-4946-C521-E269-769EB921976E}.Debug|x64.Build.0 = Debug|Any CPU
		{9CAE0D43-4946-C521-E269-769EB921976E}.Debug|x86.ActiveCfg = Debug|Any CPU
		{9CAE0D43-4946-C521-E269-769EB921976E}.Debug|x86.Build.0 = Debug|Any CPU
		{9CAE0D43-4946-C521-E269-769EB921976E}.Release|Any CPU.ActiveCfg = Release|Any CPU
		{9CAE0D43-4946-C521-E269-769EB921976E}.Release|Any CPU.Build.0 = Release|Any CPU
		{9CAE0D43-4946-C521-E269-769EB921976E}.Release|x64.ActiveCfg = Release|Any CPU
		{9CAE0D43-4946-C521-E269-769EB921976E}.Release|x64.Build.0 = Release|Any CPU
		{9CAE0D43-4946-C521-E269-769EB921976E}.Release|x86.ActiveCfg = Release|Any CPU
		{9CAE0D43-4946-C521-E269-769EB921976E}.Release|x86.Build.0 = Release|Any CPU
		{F06BA1E0-0003-AE41-B00D-532B7C7CBA44}.Debug|Any CPU.ActiveCfg = Debug|Any CPU
		{F06BA1E0-0003-AE41-B00D-532B7C7CBA44}.Debug|Any CPU.Build.0 = Debug|Any CPU
		{F06BA1E0-0003-AE41-B00D-532B7C7CBA44}.Debug|x64.ActiveCfg = Debug|Any CPU
		{F06BA1E0-0003-AE41-B00D-532B7C7CBA44}.Debug|x64.Build.0 = Debug|Any CPU
		{F06BA1E0-0003-AE41-B00D-532B7C7CBA44}.Debug|x86.ActiveCfg = Debug|Any CPU
		{F06BA1E0-0003-AE41-B00D-532B7C7CBA44}.Debug|x86.Build.0 = Debug|Any CPU
		{F06BA1E0-0003-AE41-B00D-532B7C7CBA44}.Release|Any CPU.ActiveCfg = Release|Any CPU
		{F06BA1E0-0003-AE41-B00D-532B7C7CBA44}.Release|Any CPU.Build.0 = Release|Any CPU
		{F06BA1E0-0003-AE41-B00D-532B7C7CBA44}.Release|x64.ActiveCfg = Release|Any CPU
		{F06BA1E0-0003-AE41-B00D-532B7C7CBA44}.Release|x64.Build.0 = Release|Any CPU
		{F06BA1E0-0003-AE41-B00D-532B7C7CBA44}.Release|x86.ActiveCfg = Release|Any CPU
		{F06BA1E0-0003-AE41-B00D-532B7C7CBA44}.Release|x86.Build.0 = Release|Any CPU
		{3D207C2B-4DB7-2DD1-4D06-79E4EDC1812E}.Debug|Any CPU.ActiveCfg = Debug|Any CPU
		{3D207C2B-4DB7-2DD1-4D06-79E4EDC1812E}.Debug|Any CPU.Build.0 = Debug|Any CPU
		{3D207C2B-4DB7-2DD1-4D06-79E4EDC1812E}.Debug|x64.ActiveCfg = Debug|Any CPU
		{3D207C2B-4DB7-2DD1-4D06-79E4EDC1812E}.Debug|x64.Build.0 = Debug|Any CPU
		{3D207C2B-4DB7-2DD1-4D06-79E4EDC1812E}.Debug|x86.ActiveCfg = Debug|Any CPU
		{3D207C2B-4DB7-2DD1-4D06-79E4EDC1812E}.Debug|x86.Build.0 = Debug|Any CPU
		{3D207C2B-4DB7-2DD1-4D06-79E4EDC1812E}.Release|Any CPU.ActiveCfg = Release|Any CPU
		{3D207C2B-4DB7-2DD1-4D06-79E4EDC1812E}.Release|Any CPU.Build.0 = Release|Any CPU
		{3D207C2B-4DB7-2DD1-4D06-79E4EDC1812E}.Release|x64.ActiveCfg = Release|Any CPU
		{3D207C2B-4DB7-2DD1-4D06-79E4EDC1812E}.Release|x64.Build.0 = Release|Any CPU
		{3D207C2B-4DB7-2DD1-4D06-79E4EDC1812E}.Release|x86.ActiveCfg = Release|Any CPU
		{3D207C2B-4DB7-2DD1-4D06-79E4EDC1812E}.Release|x86.Build.0 = Release|Any CPU
		{AADF40B8-A4A8-59E7-46C1-15CA9CB1C9C3}.Debug|Any CPU.ActiveCfg = Debug|Any CPU
		{AADF40B8-A4A8-59E7-46C1-15CA9CB1C9C3}.Debug|Any CPU.Build.0 = Debug|Any CPU
		{AADF40B8-A4A8-59E7-46C1-15CA9CB1C9C3}.Debug|x64.ActiveCfg = Debug|Any CPU
		{AADF40B8-A4A8-59E7-46C1-15CA9CB1C9C3}.Debug|x64.Build.0 = Debug|Any CPU
		{AADF40B8-A4A8-59E7-46C1-15CA9CB1C9C3}.Debug|x86.ActiveCfg = Debug|Any CPU
		{AADF40B8-A4A8-59E7-46C1-15CA9CB1C9C3}.Debug|x86.Build.0 = Debug|Any CPU
		{AADF40B8-A4A8-59E7-46C1-15CA9CB1C9C3}.Release|Any CPU.ActiveCfg = Release|Any CPU
		{AADF40B8-A4A8-59E7-46C1-15CA9CB1C9C3}.Release|Any CPU.Build.0 = Release|Any CPU
		{AADF40B8-A4A8-59E7-46C1-15CA9CB1C9C3}.Release|x64.ActiveCfg = Release|Any CPU
		{AADF40B8-A4A8-59E7-46C1-15CA9CB1C9C3}.Release|x64.Build.0 = Release|Any CPU
		{AADF40B8-A4A8-59E7-46C1-15CA9CB1C9C3}.Release|x86.ActiveCfg = Release|Any CPU
		{AADF40B8-A4A8-59E7-46C1-15CA9CB1C9C3}.Release|x86.Build.0 = Release|Any CPU
		{E19184CC-0AEB-5987-20CE-C4FC020AC3B0}.Debug|Any CPU.ActiveCfg = Debug|Any CPU
		{E19184CC-0AEB-5987-20CE-C4FC020AC3B0}.Debug|Any CPU.Build.0 = Debug|Any CPU
		{E19184CC-0AEB-5987-20CE-C4FC020AC3B0}.Debug|x64.ActiveCfg = Debug|Any CPU
		{E19184CC-0AEB-5987-20CE-C4FC020AC3B0}.Debug|x64.Build.0 = Debug|Any CPU
		{E19184CC-0AEB-5987-20CE-C4FC020AC3B0}.Debug|x86.ActiveCfg = Debug|Any CPU
		{E19184CC-0AEB-5987-20CE-C4FC020AC3B0}.Debug|x86.Build.0 = Debug|Any CPU
		{E19184CC-0AEB-5987-20CE-C4FC020AC3B0}.Release|Any CPU.ActiveCfg = Release|Any CPU
		{E19184CC-0AEB-5987-20CE-C4FC020AC3B0}.Release|Any CPU.Build.0 = Release|Any CPU
		{E19184CC-0AEB-5987-20CE-C4FC020AC3B0}.Release|x64.ActiveCfg = Release|Any CPU
		{E19184CC-0AEB-5987-20CE-C4FC020AC3B0}.Release|x64.Build.0 = Release|Any CPU
		{E19184CC-0AEB-5987-20CE-C4FC020AC3B0}.Release|x86.ActiveCfg = Release|Any CPU
		{E19184CC-0AEB-5987-20CE-C4FC020AC3B0}.Release|x86.Build.0 = Release|Any CPU
		{020B2927-1326-AAC4-3742-2CC2BB07D8AF}.Debug|Any CPU.ActiveCfg = Debug|Any CPU
		{020B2927-1326-AAC4-3742-2CC2BB07D8AF}.Debug|Any CPU.Build.0 = Debug|Any CPU
		{020B2927-1326-AAC4-3742-2CC2BB07D8AF}.Debug|x64.ActiveCfg = Debug|Any CPU
		{020B2927-1326-AAC4-3742-2CC2BB07D8AF}.Debug|x64.Build.0 = Debug|Any CPU
		{020B2927-1326-AAC4-3742-2CC2BB07D8AF}.Debug|x86.ActiveCfg = Debug|Any CPU
		{020B2927-1326-AAC4-3742-2CC2BB07D8AF}.Debug|x86.Build.0 = Debug|Any CPU
		{020B2927-1326-AAC4-3742-2CC2BB07D8AF}.Release|Any CPU.ActiveCfg = Release|Any CPU
		{020B2927-1326-AAC4-3742-2CC2BB07D8AF}.Release|Any CPU.Build.0 = Release|Any CPU
		{020B2927-1326-AAC4-3742-2CC2BB07D8AF}.Release|x64.ActiveCfg = Release|Any CPU
		{020B2927-1326-AAC4-3742-2CC2BB07D8AF}.Release|x64.Build.0 = Release|Any CPU
		{020B2927-1326-AAC4-3742-2CC2BB07D8AF}.Release|x86.ActiveCfg = Release|Any CPU
		{020B2927-1326-AAC4-3742-2CC2BB07D8AF}.Release|x86.Build.0 = Release|Any CPU
		{7801C95C-564E-D42F-1122-1A328051E9B0}.Debug|Any CPU.ActiveCfg = Debug|Any CPU
		{7801C95C-564E-D42F-1122-1A328051E9B0}.Debug|Any CPU.Build.0 = Debug|Any CPU
		{7801C95C-564E-D42F-1122-1A328051E9B0}.Debug|x64.ActiveCfg = Debug|Any CPU
		{7801C95C-564E-D42F-1122-1A328051E9B0}.Debug|x64.Build.0 = Debug|Any CPU
		{7801C95C-564E-D42F-1122-1A328051E9B0}.Debug|x86.ActiveCfg = Debug|Any CPU
		{7801C95C-564E-D42F-1122-1A328051E9B0}.Debug|x86.Build.0 = Debug|Any CPU
		{7801C95C-564E-D42F-1122-1A328051E9B0}.Release|Any CPU.ActiveCfg = Release|Any CPU
		{7801C95C-564E-D42F-1122-1A328051E9B0}.Release|Any CPU.Build.0 = Release|Any CPU
		{7801C95C-564E-D42F-1122-1A328051E9B0}.Release|x64.ActiveCfg = Release|Any CPU
		{7801C95C-564E-D42F-1122-1A328051E9B0}.Release|x64.Build.0 = Release|Any CPU
		{7801C95C-564E-D42F-1122-1A328051E9B0}.Release|x86.ActiveCfg = Release|Any CPU
		{7801C95C-564E-D42F-1122-1A328051E9B0}.Release|x86.Build.0 = Release|Any CPU
		{DC123DF8-38C8-07E0-4EC4-A99014549848}.Debug|Any CPU.ActiveCfg = Debug|Any CPU
		{DC123DF8-38C8-07E0-4EC4-A99014549848}.Debug|Any CPU.Build.0 = Debug|Any CPU
		{DC123DF8-38C8-07E0-4EC4-A99014549848}.Debug|x64.ActiveCfg = Debug|Any CPU
		{DC123DF8-38C8-07E0-4EC4-A99014549848}.Debug|x64.Build.0 = Debug|Any CPU
		{DC123DF8-38C8-07E0-4EC4-A99014549848}.Debug|x86.ActiveCfg = Debug|Any CPU
		{DC123DF8-38C8-07E0-4EC4-A99014549848}.Debug|x86.Build.0 = Debug|Any CPU
		{DC123DF8-38C8-07E0-4EC4-A99014549848}.Release|Any CPU.ActiveCfg = Release|Any CPU
		{DC123DF8-38C8-07E0-4EC4-A99014549848}.Release|Any CPU.Build.0 = Release|Any CPU
		{DC123DF8-38C8-07E0-4EC4-A99014549848}.Release|x64.ActiveCfg = Release|Any CPU
		{DC123DF8-38C8-07E0-4EC4-A99014549848}.Release|x64.Build.0 = Release|Any CPU
		{DC123DF8-38C8-07E0-4EC4-A99014549848}.Release|x86.ActiveCfg = Release|Any CPU
		{DC123DF8-38C8-07E0-4EC4-A99014549848}.Release|x86.Build.0 = Release|Any CPU
		{8AC720D8-C2A3-4640-A3AF-42A245DF3ECC}.Debug|Any CPU.ActiveCfg = Debug|Any CPU
		{8AC720D8-C2A3-4640-A3AF-42A245DF3ECC}.Debug|Any CPU.Build.0 = Debug|Any CPU
		{8AC720D8-C2A3-4640-A3AF-42A245DF3ECC}.Debug|x64.ActiveCfg = Debug|Any CPU
		{8AC720D8-C2A3-4640-A3AF-42A245DF3ECC}.Debug|x64.Build.0 = Debug|Any CPU
		{8AC720D8-C2A3-4640-A3AF-42A245DF3ECC}.Debug|x86.ActiveCfg = Debug|Any CPU
		{8AC720D8-C2A3-4640-A3AF-42A245DF3ECC}.Debug|x86.Build.0 = Debug|Any CPU
		{8AC720D8-C2A3-4640-A3AF-42A245DF3ECC}.Release|Any CPU.ActiveCfg = Release|Any CPU
		{8AC720D8-C2A3-4640-A3AF-42A245DF3ECC}.Release|Any CPU.Build.0 = Release|Any CPU
		{8AC720D8-C2A3-4640-A3AF-42A245DF3ECC}.Release|x64.ActiveCfg = Release|Any CPU
		{8AC720D8-C2A3-4640-A3AF-42A245DF3ECC}.Release|x64.Build.0 = Release|Any CPU
		{8AC720D8-C2A3-4640-A3AF-42A245DF3ECC}.Release|x86.ActiveCfg = Release|Any CPU
		{8AC720D8-C2A3-4640-A3AF-42A245DF3ECC}.Release|x86.Build.0 = Release|Any CPU
		{7FA20377-851D-A1DD-4233-5AEDD2B7CB3D}.Debug|Any CPU.ActiveCfg = Debug|Any CPU
		{7FA20377-851D-A1DD-4233-5AEDD2B7CB3D}.Debug|Any CPU.Build.0 = Debug|Any CPU
		{7FA20377-851D-A1DD-4233-5AEDD2B7CB3D}.Debug|x64.ActiveCfg = Debug|Any CPU
		{7FA20377-851D-A1DD-4233-5AEDD2B7CB3D}.Debug|x64.Build.0 = Debug|Any CPU
		{7FA20377-851D-A1DD-4233-5AEDD2B7CB3D}.Debug|x86.ActiveCfg = Debug|Any CPU
		{7FA20377-851D-A1DD-4233-5AEDD2B7CB3D}.Debug|x86.Build.0 = Debug|Any CPU
		{7FA20377-851D-A1DD-4233-5AEDD2B7CB3D}.Release|Any CPU.ActiveCfg = Release|Any CPU
		{7FA20377-851D-A1DD-4233-5AEDD2B7CB3D}.Release|Any CPU.Build.0 = Release|Any CPU
		{7FA20377-851D-A1DD-4233-5AEDD2B7CB3D}.Release|x64.ActiveCfg = Release|Any CPU
		{7FA20377-851D-A1DD-4233-5AEDD2B7CB3D}.Release|x64.Build.0 = Release|Any CPU
		{7FA20377-851D-A1DD-4233-5AEDD2B7CB3D}.Release|x86.ActiveCfg = Release|Any CPU
		{7FA20377-851D-A1DD-4233-5AEDD2B7CB3D}.Release|x86.Build.0 = Release|Any CPU
		{2A94FAC6-9245-9CEB-3D22-79124530C2AE}.Debug|Any CPU.ActiveCfg = Debug|Any CPU
		{2A94FAC6-9245-9CEB-3D22-79124530C2AE}.Debug|Any CPU.Build.0 = Debug|Any CPU
		{2A94FAC6-9245-9CEB-3D22-79124530C2AE}.Debug|x64.ActiveCfg = Debug|Any CPU
		{2A94FAC6-9245-9CEB-3D22-79124530C2AE}.Debug|x64.Build.0 = Debug|Any CPU
		{2A94FAC6-9245-9CEB-3D22-79124530C2AE}.Debug|x86.ActiveCfg = Debug|Any CPU
		{2A94FAC6-9245-9CEB-3D22-79124530C2AE}.Debug|x86.Build.0 = Debug|Any CPU
		{2A94FAC6-9245-9CEB-3D22-79124530C2AE}.Release|Any CPU.ActiveCfg = Release|Any CPU
		{2A94FAC6-9245-9CEB-3D22-79124530C2AE}.Release|Any CPU.Build.0 = Release|Any CPU
		{2A94FAC6-9245-9CEB-3D22-79124530C2AE}.Release|x64.ActiveCfg = Release|Any CPU
		{2A94FAC6-9245-9CEB-3D22-79124530C2AE}.Release|x64.Build.0 = Release|Any CPU
		{2A94FAC6-9245-9CEB-3D22-79124530C2AE}.Release|x86.ActiveCfg = Release|Any CPU
		{2A94FAC6-9245-9CEB-3D22-79124530C2AE}.Release|x86.Build.0 = Release|Any CPU
		{20C1A06E-B3EA-7F21-97F4-39B4E17A6B88}.Debug|Any CPU.ActiveCfg = Debug|Any CPU
		{20C1A06E-B3EA-7F21-97F4-39B4E17A6B88}.Debug|Any CPU.Build.0 = Debug|Any CPU
		{20C1A06E-B3EA-7F21-97F4-39B4E17A6B88}.Debug|x64.ActiveCfg = Debug|Any CPU
		{20C1A06E-B3EA-7F21-97F4-39B4E17A6B88}.Debug|x64.Build.0 = Debug|Any CPU
		{20C1A06E-B3EA-7F21-97F4-39B4E17A6B88}.Debug|x86.ActiveCfg = Debug|Any CPU
		{20C1A06E-B3EA-7F21-97F4-39B4E17A6B88}.Debug|x86.Build.0 = Debug|Any CPU
		{20C1A06E-B3EA-7F21-97F4-39B4E17A6B88}.Release|Any CPU.ActiveCfg = Release|Any CPU
		{20C1A06E-B3EA-7F21-97F4-39B4E17A6B88}.Release|Any CPU.Build.0 = Release|Any CPU
		{20C1A06E-B3EA-7F21-97F4-39B4E17A6B88}.Release|x64.ActiveCfg = Release|Any CPU
		{20C1A06E-B3EA-7F21-97F4-39B4E17A6B88}.Release|x64.Build.0 = Release|Any CPU
		{20C1A06E-B3EA-7F21-97F4-39B4E17A6B88}.Release|x86.ActiveCfg = Release|Any CPU
		{20C1A06E-B3EA-7F21-97F4-39B4E17A6B88}.Release|x86.Build.0 = Release|Any CPU
		{81606D62-F153-2BB1-4147-6CB4649E6D7F}.Debug|Any CPU.ActiveCfg = Debug|Any CPU
		{81606D62-F153-2BB1-4147-6CB4649E6D7F}.Debug|Any CPU.Build.0 = Debug|Any CPU
		{81606D62-F153-2BB1-4147-6CB4649E6D7F}.Debug|x64.ActiveCfg = Debug|Any CPU
		{81606D62-F153-2BB1-4147-6CB4649E6D7F}.Debug|x64.Build.0 = Debug|Any CPU
		{81606D62-F153-2BB1-4147-6CB4649E6D7F}.Debug|x86.ActiveCfg = Debug|Any CPU
		{81606D62-F153-2BB1-4147-6CB4649E6D7F}.Debug|x86.Build.0 = Debug|Any CPU
		{81606D62-F153-2BB1-4147-6CB4649E6D7F}.Release|Any CPU.ActiveCfg = Release|Any CPU
		{81606D62-F153-2BB1-4147-6CB4649E6D7F}.Release|Any CPU.Build.0 = Release|Any CPU
		{81606D62-F153-2BB1-4147-6CB4649E6D7F}.Release|x64.ActiveCfg = Release|Any CPU
		{81606D62-F153-2BB1-4147-6CB4649E6D7F}.Release|x64.Build.0 = Release|Any CPU
		{81606D62-F153-2BB1-4147-6CB4649E6D7F}.Release|x86.ActiveCfg = Release|Any CPU
		{81606D62-F153-2BB1-4147-6CB4649E6D7F}.Release|x86.Build.0 = Release|Any CPU
		{1EB7247A-BCE4-33E3-7341-E17336BFF34D}.Debug|Any CPU.ActiveCfg = Debug|Any CPU
		{1EB7247A-BCE4-33E3-7341-E17336BFF34D}.Debug|Any CPU.Build.0 = Debug|Any CPU
		{1EB7247A-BCE4-33E3-7341-E17336BFF34D}.Debug|x64.ActiveCfg = Debug|Any CPU
		{1EB7247A-BCE4-33E3-7341-E17336BFF34D}.Debug|x64.Build.0 = Debug|Any CPU
		{1EB7247A-BCE4-33E3-7341-E17336BFF34D}.Debug|x86.ActiveCfg = Debug|Any CPU
		{1EB7247A-BCE4-33E3-7341-E17336BFF34D}.Debug|x86.Build.0 = Debug|Any CPU
		{1EB7247A-BCE4-33E3-7341-E17336BFF34D}.Release|Any CPU.ActiveCfg = Release|Any CPU
		{1EB7247A-BCE4-33E3-7341-E17336BFF34D}.Release|Any CPU.Build.0 = Release|Any CPU
		{1EB7247A-BCE4-33E3-7341-E17336BFF34D}.Release|x64.ActiveCfg = Release|Any CPU
		{1EB7247A-BCE4-33E3-7341-E17336BFF34D}.Release|x64.Build.0 = Release|Any CPU
		{1EB7247A-BCE4-33E3-7341-E17336BFF34D}.Release|x86.ActiveCfg = Release|Any CPU
		{1EB7247A-BCE4-33E3-7341-E17336BFF34D}.Release|x86.Build.0 = Release|Any CPU
		{B203ACE6-99A7-4B5D-43A6-C840C4F705F8}.Debug|Any CPU.ActiveCfg = Debug|Any CPU
		{B203ACE6-99A7-4B5D-43A6-C840C4F705F8}.Debug|Any CPU.Build.0 = Debug|Any CPU
		{B203ACE6-99A7-4B5D-43A6-C840C4F705F8}.Debug|x64.ActiveCfg = Debug|Any CPU
		{B203ACE6-99A7-4B5D-43A6-C840C4F705F8}.Debug|x64.Build.0 = Debug|Any CPU
		{B203ACE6-99A7-4B5D-43A6-C840C4F705F8}.Debug|x86.ActiveCfg = Debug|Any CPU
		{B203ACE6-99A7-4B5D-43A6-C840C4F705F8}.Debug|x86.Build.0 = Debug|Any CPU
		{B203ACE6-99A7-4B5D-43A6-C840C4F705F8}.Release|Any CPU.ActiveCfg = Release|Any CPU
		{B203ACE6-99A7-4B5D-43A6-C840C4F705F8}.Release|Any CPU.Build.0 = Release|Any CPU
		{B203ACE6-99A7-4B5D-43A6-C840C4F705F8}.Release|x64.ActiveCfg = Release|Any CPU
		{B203ACE6-99A7-4B5D-43A6-C840C4F705F8}.Release|x64.Build.0 = Release|Any CPU
		{B203ACE6-99A7-4B5D-43A6-C840C4F705F8}.Release|x86.ActiveCfg = Release|Any CPU
		{B203ACE6-99A7-4B5D-43A6-C840C4F705F8}.Release|x86.Build.0 = Release|Any CPU
		{F2B78B4B-509C-76EB-DAAC-BC7C21629A32}.Debug|Any CPU.ActiveCfg = Debug|Any CPU
		{F2B78B4B-509C-76EB-DAAC-BC7C21629A32}.Debug|Any CPU.Build.0 = Debug|Any CPU
		{F2B78B4B-509C-76EB-DAAC-BC7C21629A32}.Debug|x64.ActiveCfg = Debug|Any CPU
		{F2B78B4B-509C-76EB-DAAC-BC7C21629A32}.Debug|x64.Build.0 = Debug|Any CPU
		{F2B78B4B-509C-76EB-DAAC-BC7C21629A32}.Debug|x86.ActiveCfg = Debug|Any CPU
		{F2B78B4B-509C-76EB-DAAC-BC7C21629A32}.Debug|x86.Build.0 = Debug|Any CPU
		{F2B78B4B-509C-76EB-DAAC-BC7C21629A32}.Release|Any CPU.ActiveCfg = Release|Any CPU
		{F2B78B4B-509C-76EB-DAAC-BC7C21629A32}.Release|Any CPU.Build.0 = Release|Any CPU
		{F2B78B4B-509C-76EB-DAAC-BC7C21629A32}.Release|x64.ActiveCfg = Release|Any CPU
		{F2B78B4B-509C-76EB-DAAC-BC7C21629A32}.Release|x64.Build.0 = Release|Any CPU
		{F2B78B4B-509C-76EB-DAAC-BC7C21629A32}.Release|x86.ActiveCfg = Release|Any CPU
		{F2B78B4B-509C-76EB-DAAC-BC7C21629A32}.Release|x86.Build.0 = Release|Any CPU
		{6AEF59A6-B465-1CC5-D8D1-68B0EC6B2401}.Debug|Any CPU.ActiveCfg = Debug|Any CPU
		{6AEF59A6-B465-1CC5-D8D1-68B0EC6B2401}.Debug|Any CPU.Build.0 = Debug|Any CPU
		{6AEF59A6-B465-1CC5-D8D1-68B0EC6B2401}.Debug|x64.ActiveCfg = Debug|Any CPU
		{6AEF59A6-B465-1CC5-D8D1-68B0EC6B2401}.Debug|x64.Build.0 = Debug|Any CPU
		{6AEF59A6-B465-1CC5-D8D1-68B0EC6B2401}.Debug|x86.ActiveCfg = Debug|Any CPU
		{6AEF59A6-B465-1CC5-D8D1-68B0EC6B2401}.Debug|x86.Build.0 = Debug|Any CPU
		{6AEF59A6-B465-1CC5-D8D1-68B0EC6B2401}.Release|Any CPU.ActiveCfg = Release|Any CPU
		{6AEF59A6-B465-1CC5-D8D1-68B0EC6B2401}.Release|Any CPU.Build.0 = Release|Any CPU
		{6AEF59A6-B465-1CC5-D8D1-68B0EC6B2401}.Release|x64.ActiveCfg = Release|Any CPU
		{6AEF59A6-B465-1CC5-D8D1-68B0EC6B2401}.Release|x64.Build.0 = Release|Any CPU
		{6AEF59A6-B465-1CC5-D8D1-68B0EC6B2401}.Release|x86.ActiveCfg = Release|Any CPU
		{6AEF59A6-B465-1CC5-D8D1-68B0EC6B2401}.Release|x86.Build.0 = Release|Any CPU
		{005D23D9-98A0-02B6-8C05-8C6240FBF66A}.Debug|Any CPU.ActiveCfg = Debug|Any CPU
		{005D23D9-98A0-02B6-8C05-8C6240FBF66A}.Debug|Any CPU.Build.0 = Debug|Any CPU
		{005D23D9-98A0-02B6-8C05-8C6240FBF66A}.Debug|x64.ActiveCfg = Debug|Any CPU
		{005D23D9-98A0-02B6-8C05-8C6240FBF66A}.Debug|x64.Build.0 = Debug|Any CPU
		{005D23D9-98A0-02B6-8C05-8C6240FBF66A}.Debug|x86.ActiveCfg = Debug|Any CPU
		{005D23D9-98A0-02B6-8C05-8C6240FBF66A}.Debug|x86.Build.0 = Debug|Any CPU
		{005D23D9-98A0-02B6-8C05-8C6240FBF66A}.Release|Any CPU.ActiveCfg = Release|Any CPU
		{005D23D9-98A0-02B6-8C05-8C6240FBF66A}.Release|Any CPU.Build.0 = Release|Any CPU
		{005D23D9-98A0-02B6-8C05-8C6240FBF66A}.Release|x64.ActiveCfg = Release|Any CPU
		{005D23D9-98A0-02B6-8C05-8C6240FBF66A}.Release|x64.Build.0 = Release|Any CPU
		{005D23D9-98A0-02B6-8C05-8C6240FBF66A}.Release|x86.ActiveCfg = Release|Any CPU
		{005D23D9-98A0-02B6-8C05-8C6240FBF66A}.Release|x86.Build.0 = Release|Any CPU
		{FC99BECA-A288-7E7B-3D01-15E43269B892}.Debug|Any CPU.ActiveCfg = Debug|Any CPU
		{FC99BECA-A288-7E7B-3D01-15E43269B892}.Debug|Any CPU.Build.0 = Debug|Any CPU
		{FC99BECA-A288-7E7B-3D01-15E43269B892}.Debug|x64.ActiveCfg = Debug|Any CPU
		{FC99BECA-A288-7E7B-3D01-15E43269B892}.Debug|x64.Build.0 = Debug|Any CPU
		{FC99BECA-A288-7E7B-3D01-15E43269B892}.Debug|x86.ActiveCfg = Debug|Any CPU
		{FC99BECA-A288-7E7B-3D01-15E43269B892}.Debug|x86.Build.0 = Debug|Any CPU
		{FC99BECA-A288-7E7B-3D01-15E43269B892}.Release|Any CPU.ActiveCfg = Release|Any CPU
		{FC99BECA-A288-7E7B-3D01-15E43269B892}.Release|Any CPU.Build.0 = Release|Any CPU
		{FC99BECA-A288-7E7B-3D01-15E43269B892}.Release|x64.ActiveCfg = Release|Any CPU
		{FC99BECA-A288-7E7B-3D01-15E43269B892}.Release|x64.Build.0 = Release|Any CPU
		{FC99BECA-A288-7E7B-3D01-15E43269B892}.Release|x86.ActiveCfg = Release|Any CPU
		{FC99BECA-A288-7E7B-3D01-15E43269B892}.Release|x86.Build.0 = Release|Any CPU
		{BDF0E02A-A01D-1ABF-7C47-C270C6D2364C}.Debug|Any CPU.ActiveCfg = Debug|Any CPU
		{BDF0E02A-A01D-1ABF-7C47-C270C6D2364C}.Debug|Any CPU.Build.0 = Debug|Any CPU
		{BDF0E02A-A01D-1ABF-7C47-C270C6D2364C}.Debug|x64.ActiveCfg = Debug|Any CPU
		{BDF0E02A-A01D-1ABF-7C47-C270C6D2364C}.Debug|x64.Build.0 = Debug|Any CPU
		{BDF0E02A-A01D-1ABF-7C47-C270C6D2364C}.Debug|x86.ActiveCfg = Debug|Any CPU
		{BDF0E02A-A01D-1ABF-7C47-C270C6D2364C}.Debug|x86.Build.0 = Debug|Any CPU
		{BDF0E02A-A01D-1ABF-7C47-C270C6D2364C}.Release|Any CPU.ActiveCfg = Release|Any CPU
		{BDF0E02A-A01D-1ABF-7C47-C270C6D2364C}.Release|Any CPU.Build.0 = Release|Any CPU
		{BDF0E02A-A01D-1ABF-7C47-C270C6D2364C}.Release|x64.ActiveCfg = Release|Any CPU
		{BDF0E02A-A01D-1ABF-7C47-C270C6D2364C}.Release|x64.Build.0 = Release|Any CPU
		{BDF0E02A-A01D-1ABF-7C47-C270C6D2364C}.Release|x86.ActiveCfg = Release|Any CPU
		{BDF0E02A-A01D-1ABF-7C47-C270C6D2364C}.Release|x86.Build.0 = Release|Any CPU
		{B4EAB592-0127-60C2-0F2B-47F77EE9F884}.Debug|Any CPU.ActiveCfg = Debug|Any CPU
		{B4EAB592-0127-60C2-0F2B-47F77EE9F884}.Debug|Any CPU.Build.0 = Debug|Any CPU
		{B4EAB592-0127-60C2-0F2B-47F77EE9F884}.Debug|x64.ActiveCfg = Debug|Any CPU
		{B4EAB592-0127-60C2-0F2B-47F77EE9F884}.Debug|x64.Build.0 = Debug|Any CPU
		{B4EAB592-0127-60C2-0F2B-47F77EE9F884}.Debug|x86.ActiveCfg = Debug|Any CPU
		{B4EAB592-0127-60C2-0F2B-47F77EE9F884}.Debug|x86.Build.0 = Debug|Any CPU
		{B4EAB592-0127-60C2-0F2B-47F77EE9F884}.Release|Any CPU.ActiveCfg = Release|Any CPU
		{B4EAB592-0127-60C2-0F2B-47F77EE9F884}.Release|Any CPU.Build.0 = Release|Any CPU
		{B4EAB592-0127-60C2-0F2B-47F77EE9F884}.Release|x64.ActiveCfg = Release|Any CPU
		{B4EAB592-0127-60C2-0F2B-47F77EE9F884}.Release|x64.Build.0 = Release|Any CPU
		{B4EAB592-0127-60C2-0F2B-47F77EE9F884}.Release|x86.ActiveCfg = Release|Any CPU
		{B4EAB592-0127-60C2-0F2B-47F77EE9F884}.Release|x86.Build.0 = Release|Any CPU
		{E99F957D-CD78-4905-9E6F-5D3CF7ACB0AD}.Debug|Any CPU.ActiveCfg = Debug|Any CPU
		{E99F957D-CD78-4905-9E6F-5D3CF7ACB0AD}.Debug|Any CPU.Build.0 = Debug|Any CPU
		{E99F957D-CD78-4905-9E6F-5D3CF7ACB0AD}.Debug|x64.ActiveCfg = Debug|Any CPU
		{E99F957D-CD78-4905-9E6F-5D3CF7ACB0AD}.Debug|x64.Build.0 = Debug|Any CPU
		{E99F957D-CD78-4905-9E6F-5D3CF7ACB0AD}.Debug|x86.ActiveCfg = Debug|Any CPU
		{E99F957D-CD78-4905-9E6F-5D3CF7ACB0AD}.Debug|x86.Build.0 = Debug|Any CPU
		{E99F957D-CD78-4905-9E6F-5D3CF7ACB0AD}.Release|Any CPU.ActiveCfg = Release|Any CPU
		{E99F957D-CD78-4905-9E6F-5D3CF7ACB0AD}.Release|Any CPU.Build.0 = Release|Any CPU
		{E99F957D-CD78-4905-9E6F-5D3CF7ACB0AD}.Release|x64.ActiveCfg = Release|Any CPU
		{E99F957D-CD78-4905-9E6F-5D3CF7ACB0AD}.Release|x64.Build.0 = Release|Any CPU
		{E99F957D-CD78-4905-9E6F-5D3CF7ACB0AD}.Release|x86.ActiveCfg = Release|Any CPU
		{E99F957D-CD78-4905-9E6F-5D3CF7ACB0AD}.Release|x86.Build.0 = Release|Any CPU
		{2B0020AD-D218-479E-D059-1A22996046F7}.Debug|Any CPU.ActiveCfg = Debug|Any CPU
		{2B0020AD-D218-479E-D059-1A22996046F7}.Debug|Any CPU.Build.0 = Debug|Any CPU
		{2B0020AD-D218-479E-D059-1A22996046F7}.Debug|x64.ActiveCfg = Debug|Any CPU
		{2B0020AD-D218-479E-D059-1A22996046F7}.Debug|x64.Build.0 = Debug|Any CPU
		{2B0020AD-D218-479E-D059-1A22996046F7}.Debug|x86.ActiveCfg = Debug|Any CPU
		{2B0020AD-D218-479E-D059-1A22996046F7}.Debug|x86.Build.0 = Debug|Any CPU
		{2B0020AD-D218-479E-D059-1A22996046F7}.Release|Any CPU.ActiveCfg = Release|Any CPU
		{2B0020AD-D218-479E-D059-1A22996046F7}.Release|Any CPU.Build.0 = Release|Any CPU
		{2B0020AD-D218-479E-D059-1A22996046F7}.Release|x64.ActiveCfg = Release|Any CPU
		{2B0020AD-D218-479E-D059-1A22996046F7}.Release|x64.Build.0 = Release|Any CPU
		{2B0020AD-D218-479E-D059-1A22996046F7}.Release|x86.ActiveCfg = Release|Any CPU
		{2B0020AD-D218-479E-D059-1A22996046F7}.Release|x86.Build.0 = Release|Any CPU
		{5DAE562F-27AE-A47C-B45B-0FC1B39F7DF8}.Debug|Any CPU.ActiveCfg = Debug|Any CPU
		{5DAE562F-27AE-A47C-B45B-0FC1B39F7DF8}.Debug|Any CPU.Build.0 = Debug|Any CPU
		{5DAE562F-27AE-A47C-B45B-0FC1B39F7DF8}.Debug|x64.ActiveCfg = Debug|Any CPU
		{5DAE562F-27AE-A47C-B45B-0FC1B39F7DF8}.Debug|x64.Build.0 = Debug|Any CPU
		{5DAE562F-27AE-A47C-B45B-0FC1B39F7DF8}.Debug|x86.ActiveCfg = Debug|Any CPU
		{5DAE562F-27AE-A47C-B45B-0FC1B39F7DF8}.Debug|x86.Build.0 = Debug|Any CPU
		{5DAE562F-27AE-A47C-B45B-0FC1B39F7DF8}.Release|Any CPU.ActiveCfg = Release|Any CPU
		{5DAE562F-27AE-A47C-B45B-0FC1B39F7DF8}.Release|Any CPU.Build.0 = Release|Any CPU
		{5DAE562F-27AE-A47C-B45B-0FC1B39F7DF8}.Release|x64.ActiveCfg = Release|Any CPU
		{5DAE562F-27AE-A47C-B45B-0FC1B39F7DF8}.Release|x64.Build.0 = Release|Any CPU
		{5DAE562F-27AE-A47C-B45B-0FC1B39F7DF8}.Release|x86.ActiveCfg = Release|Any CPU
		{5DAE562F-27AE-A47C-B45B-0FC1B39F7DF8}.Release|x86.Build.0 = Release|Any CPU
		{B21FD8BD-DC49-FB56-F27E-89EE718ECCAA}.Debug|Any CPU.ActiveCfg = Debug|Any CPU
		{B21FD8BD-DC49-FB56-F27E-89EE718ECCAA}.Debug|Any CPU.Build.0 = Debug|Any CPU
		{B21FD8BD-DC49-FB56-F27E-89EE718ECCAA}.Debug|x64.ActiveCfg = Debug|Any CPU
		{B21FD8BD-DC49-FB56-F27E-89EE718ECCAA}.Debug|x64.Build.0 = Debug|Any CPU
		{B21FD8BD-DC49-FB56-F27E-89EE718ECCAA}.Debug|x86.ActiveCfg = Debug|Any CPU
		{B21FD8BD-DC49-FB56-F27E-89EE718ECCAA}.Debug|x86.Build.0 = Debug|Any CPU
		{B21FD8BD-DC49-FB56-F27E-89EE718ECCAA}.Release|Any CPU.ActiveCfg = Release|Any CPU
		{B21FD8BD-DC49-FB56-F27E-89EE718ECCAA}.Release|Any CPU.Build.0 = Release|Any CPU
		{B21FD8BD-DC49-FB56-F27E-89EE718ECCAA}.Release|x64.ActiveCfg = Release|Any CPU
		{B21FD8BD-DC49-FB56-F27E-89EE718ECCAA}.Release|x64.Build.0 = Release|Any CPU
		{B21FD8BD-DC49-FB56-F27E-89EE718ECCAA}.Release|x86.ActiveCfg = Release|Any CPU
		{B21FD8BD-DC49-FB56-F27E-89EE718ECCAA}.Release|x86.Build.0 = Release|Any CPU
		{BCA16CCD-240A-1181-B88F-6FA350874CAF}.Debug|Any CPU.ActiveCfg = Debug|Any CPU
		{BCA16CCD-240A-1181-B88F-6FA350874CAF}.Debug|Any CPU.Build.0 = Debug|Any CPU
		{BCA16CCD-240A-1181-B88F-6FA350874CAF}.Debug|x64.ActiveCfg = Debug|Any CPU
		{BCA16CCD-240A-1181-B88F-6FA350874CAF}.Debug|x64.Build.0 = Debug|Any CPU
		{BCA16CCD-240A-1181-B88F-6FA350874CAF}.Debug|x86.ActiveCfg = Debug|Any CPU
		{BCA16CCD-240A-1181-B88F-6FA350874CAF}.Debug|x86.Build.0 = Debug|Any CPU
		{BCA16CCD-240A-1181-B88F-6FA350874CAF}.Release|Any CPU.ActiveCfg = Release|Any CPU
		{BCA16CCD-240A-1181-B88F-6FA350874CAF}.Release|Any CPU.Build.0 = Release|Any CPU
		{BCA16CCD-240A-1181-B88F-6FA350874CAF}.Release|x64.ActiveCfg = Release|Any CPU
		{BCA16CCD-240A-1181-B88F-6FA350874CAF}.Release|x64.Build.0 = Release|Any CPU
		{BCA16CCD-240A-1181-B88F-6FA350874CAF}.Release|x86.ActiveCfg = Release|Any CPU
		{BCA16CCD-240A-1181-B88F-6FA350874CAF}.Release|x86.Build.0 = Release|Any CPU
		{94565973-2E03-EC41-F65B-E1474624B0EF}.Debug|Any CPU.ActiveCfg = Debug|Any CPU
		{94565973-2E03-EC41-F65B-E1474624B0EF}.Debug|Any CPU.Build.0 = Debug|Any CPU
		{94565973-2E03-EC41-F65B-E1474624B0EF}.Debug|x64.ActiveCfg = Debug|Any CPU
		{94565973-2E03-EC41-F65B-E1474624B0EF}.Debug|x64.Build.0 = Debug|Any CPU
		{94565973-2E03-EC41-F65B-E1474624B0EF}.Debug|x86.ActiveCfg = Debug|Any CPU
		{94565973-2E03-EC41-F65B-E1474624B0EF}.Debug|x86.Build.0 = Debug|Any CPU
		{94565973-2E03-EC41-F65B-E1474624B0EF}.Release|Any CPU.ActiveCfg = Release|Any CPU
		{94565973-2E03-EC41-F65B-E1474624B0EF}.Release|Any CPU.Build.0 = Release|Any CPU
		{94565973-2E03-EC41-F65B-E1474624B0EF}.Release|x64.ActiveCfg = Release|Any CPU
		{94565973-2E03-EC41-F65B-E1474624B0EF}.Release|x64.Build.0 = Release|Any CPU
		{94565973-2E03-EC41-F65B-E1474624B0EF}.Release|x86.ActiveCfg = Release|Any CPU
		{94565973-2E03-EC41-F65B-E1474624B0EF}.Release|x86.Build.0 = Release|Any CPU
		{5867C086-155F-561F-F03D-4AF50A6C3A8B}.Debug|Any CPU.ActiveCfg = Debug|Any CPU
		{5867C086-155F-561F-F03D-4AF50A6C3A8B}.Debug|Any CPU.Build.0 = Debug|Any CPU
		{5867C086-155F-561F-F03D-4AF50A6C3A8B}.Debug|x64.ActiveCfg = Debug|Any CPU
		{5867C086-155F-561F-F03D-4AF50A6C3A8B}.Debug|x64.Build.0 = Debug|Any CPU
		{5867C086-155F-561F-F03D-4AF50A6C3A8B}.Debug|x86.ActiveCfg = Debug|Any CPU
		{5867C086-155F-561F-F03D-4AF50A6C3A8B}.Debug|x86.Build.0 = Debug|Any CPU
		{5867C086-155F-561F-F03D-4AF50A6C3A8B}.Release|Any CPU.ActiveCfg = Release|Any CPU
		{5867C086-155F-561F-F03D-4AF50A6C3A8B}.Release|Any CPU.Build.0 = Release|Any CPU
		{5867C086-155F-561F-F03D-4AF50A6C3A8B}.Release|x64.ActiveCfg = Release|Any CPU
		{5867C086-155F-561F-F03D-4AF50A6C3A8B}.Release|x64.Build.0 = Release|Any CPU
		{5867C086-155F-561F-F03D-4AF50A6C3A8B}.Release|x86.ActiveCfg = Release|Any CPU
		{5867C086-155F-561F-F03D-4AF50A6C3A8B}.Release|x86.Build.0 = Release|Any CPU
		{367FFA98-A835-2650-F062-C8DEA23F3B06}.Debug|Any CPU.ActiveCfg = Debug|Any CPU
		{367FFA98-A835-2650-F062-C8DEA23F3B06}.Debug|Any CPU.Build.0 = Debug|Any CPU
		{367FFA98-A835-2650-F062-C8DEA23F3B06}.Debug|x64.ActiveCfg = Debug|Any CPU
		{367FFA98-A835-2650-F062-C8DEA23F3B06}.Debug|x64.Build.0 = Debug|Any CPU
		{367FFA98-A835-2650-F062-C8DEA23F3B06}.Debug|x86.ActiveCfg = Debug|Any CPU
		{367FFA98-A835-2650-F062-C8DEA23F3B06}.Debug|x86.Build.0 = Debug|Any CPU
		{367FFA98-A835-2650-F062-C8DEA23F3B06}.Release|Any CPU.ActiveCfg = Release|Any CPU
		{367FFA98-A835-2650-F062-C8DEA23F3B06}.Release|Any CPU.Build.0 = Release|Any CPU
		{367FFA98-A835-2650-F062-C8DEA23F3B06}.Release|x64.ActiveCfg = Release|Any CPU
		{367FFA98-A835-2650-F062-C8DEA23F3B06}.Release|x64.Build.0 = Release|Any CPU
		{367FFA98-A835-2650-F062-C8DEA23F3B06}.Release|x86.ActiveCfg = Release|Any CPU
		{367FFA98-A835-2650-F062-C8DEA23F3B06}.Release|x86.Build.0 = Release|Any CPU
		{AD00AC17-6DAD-77B0-357C-DF86FE7B8562}.Debug|Any CPU.ActiveCfg = Debug|Any CPU
		{AD00AC17-6DAD-77B0-357C-DF86FE7B8562}.Debug|Any CPU.Build.0 = Debug|Any CPU
		{AD00AC17-6DAD-77B0-357C-DF86FE7B8562}.Debug|x64.ActiveCfg = Debug|Any CPU
		{AD00AC17-6DAD-77B0-357C-DF86FE7B8562}.Debug|x64.Build.0 = Debug|Any CPU
		{AD00AC17-6DAD-77B0-357C-DF86FE7B8562}.Debug|x86.ActiveCfg = Debug|Any CPU
		{AD00AC17-6DAD-77B0-357C-DF86FE7B8562}.Debug|x86.Build.0 = Debug|Any CPU
		{AD00AC17-6DAD-77B0-357C-DF86FE7B8562}.Release|Any CPU.ActiveCfg = Release|Any CPU
		{AD00AC17-6DAD-77B0-357C-DF86FE7B8562}.Release|Any CPU.Build.0 = Release|Any CPU
		{AD00AC17-6DAD-77B0-357C-DF86FE7B8562}.Release|x64.ActiveCfg = Release|Any CPU
		{AD00AC17-6DAD-77B0-357C-DF86FE7B8562}.Release|x64.Build.0 = Release|Any CPU
		{AD00AC17-6DAD-77B0-357C-DF86FE7B8562}.Release|x86.ActiveCfg = Release|Any CPU
		{AD00AC17-6DAD-77B0-357C-DF86FE7B8562}.Release|x86.Build.0 = Release|Any CPU
		{A7B8D699-2048-E2D2-D21B-FC577F235CB8}.Debug|Any CPU.ActiveCfg = Debug|Any CPU
		{A7B8D699-2048-E2D2-D21B-FC577F235CB8}.Debug|Any CPU.Build.0 = Debug|Any CPU
		{A7B8D699-2048-E2D2-D21B-FC577F235CB8}.Debug|x64.ActiveCfg = Debug|Any CPU
		{A7B8D699-2048-E2D2-D21B-FC577F235CB8}.Debug|x64.Build.0 = Debug|Any CPU
		{A7B8D699-2048-E2D2-D21B-FC577F235CB8}.Debug|x86.ActiveCfg = Debug|Any CPU
		{A7B8D699-2048-E2D2-D21B-FC577F235CB8}.Debug|x86.Build.0 = Debug|Any CPU
		{A7B8D699-2048-E2D2-D21B-FC577F235CB8}.Release|Any CPU.ActiveCfg = Release|Any CPU
		{A7B8D699-2048-E2D2-D21B-FC577F235CB8}.Release|Any CPU.Build.0 = Release|Any CPU
		{A7B8D699-2048-E2D2-D21B-FC577F235CB8}.Release|x64.ActiveCfg = Release|Any CPU
		{A7B8D699-2048-E2D2-D21B-FC577F235CB8}.Release|x64.Build.0 = Release|Any CPU
		{A7B8D699-2048-E2D2-D21B-FC577F235CB8}.Release|x86.ActiveCfg = Release|Any CPU
		{A7B8D699-2048-E2D2-D21B-FC577F235CB8}.Release|x86.Build.0 = Release|Any CPU
		{B27A7023-73F8-429D-9F7D-98F2F2C70FA0}.Debug|Any CPU.ActiveCfg = Debug|Any CPU
		{B27A7023-73F8-429D-9F7D-98F2F2C70FA0}.Debug|Any CPU.Build.0 = Debug|Any CPU
		{B27A7023-73F8-429D-9F7D-98F2F2C70FA0}.Debug|x64.ActiveCfg = Debug|Any CPU
		{B27A7023-73F8-429D-9F7D-98F2F2C70FA0}.Debug|x64.Build.0 = Debug|Any CPU
		{B27A7023-73F8-429D-9F7D-98F2F2C70FA0}.Debug|x86.ActiveCfg = Debug|Any CPU
		{B27A7023-73F8-429D-9F7D-98F2F2C70FA0}.Debug|x86.Build.0 = Debug|Any CPU
		{B27A7023-73F8-429D-9F7D-98F2F2C70FA0}.Release|Any CPU.ActiveCfg = Release|Any CPU
		{B27A7023-73F8-429D-9F7D-98F2F2C70FA0}.Release|Any CPU.Build.0 = Release|Any CPU
		{B27A7023-73F8-429D-9F7D-98F2F2C70FA0}.Release|x64.ActiveCfg = Release|Any CPU
		{B27A7023-73F8-429D-9F7D-98F2F2C70FA0}.Release|x64.Build.0 = Release|Any CPU
		{B27A7023-73F8-429D-9F7D-98F2F2C70FA0}.Release|x86.ActiveCfg = Release|Any CPU
		{B27A7023-73F8-429D-9F7D-98F2F2C70FA0}.Release|x86.Build.0 = Release|Any CPU
		{F5D54BC4-053E-4298-965E-74581687FE01}.Debug|Any CPU.ActiveCfg = Debug|Any CPU
		{F5D54BC4-053E-4298-965E-74581687FE01}.Debug|Any CPU.Build.0 = Debug|Any CPU
		{F5D54BC4-053E-4298-965E-74581687FE01}.Debug|x64.ActiveCfg = Debug|Any CPU
		{F5D54BC4-053E-4298-965E-74581687FE01}.Debug|x64.Build.0 = Debug|Any CPU
		{F5D54BC4-053E-4298-965E-74581687FE01}.Debug|x86.ActiveCfg = Debug|Any CPU
		{F5D54BC4-053E-4298-965E-74581687FE01}.Debug|x86.Build.0 = Debug|Any CPU
		{F5D54BC4-053E-4298-965E-74581687FE01}.Release|Any CPU.ActiveCfg = Release|Any CPU
		{F5D54BC4-053E-4298-965E-74581687FE01}.Release|Any CPU.Build.0 = Release|Any CPU
		{F5D54BC4-053E-4298-965E-74581687FE01}.Release|x64.ActiveCfg = Release|Any CPU
		{F5D54BC4-053E-4298-965E-74581687FE01}.Release|x64.Build.0 = Release|Any CPU
		{F5D54BC4-053E-4298-965E-74581687FE01}.Release|x86.ActiveCfg = Release|Any CPU
		{F5D54BC4-053E-4298-965E-74581687FE01}.Release|x86.Build.0 = Release|Any CPU
		{40547B7B-2788-4EE5-A6E2-7365080C670A}.Debug|Any CPU.ActiveCfg = Debug|Any CPU
		{40547B7B-2788-4EE5-A6E2-7365080C670A}.Debug|Any CPU.Build.0 = Debug|Any CPU
		{40547B7B-2788-4EE5-A6E2-7365080C670A}.Debug|x64.ActiveCfg = Debug|Any CPU
		{40547B7B-2788-4EE5-A6E2-7365080C670A}.Debug|x64.Build.0 = Debug|Any CPU
		{40547B7B-2788-4EE5-A6E2-7365080C670A}.Debug|x86.ActiveCfg = Debug|Any CPU
		{40547B7B-2788-4EE5-A6E2-7365080C670A}.Debug|x86.Build.0 = Debug|Any CPU
		{40547B7B-2788-4EE5-A6E2-7365080C670A}.Release|Any CPU.ActiveCfg = Release|Any CPU
		{40547B7B-2788-4EE5-A6E2-7365080C670A}.Release|Any CPU.Build.0 = Release|Any CPU
		{40547B7B-2788-4EE5-A6E2-7365080C670A}.Release|x64.ActiveCfg = Release|Any CPU
		{40547B7B-2788-4EE5-A6E2-7365080C670A}.Release|x64.Build.0 = Release|Any CPU
		{40547B7B-2788-4EE5-A6E2-7365080C670A}.Release|x86.ActiveCfg = Release|Any CPU
		{40547B7B-2788-4EE5-A6E2-7365080C670A}.Release|x86.Build.0 = Release|Any CPU
		{0A819B22-F237-428E-AC57-9B38A8A615D7}.Debug|Any CPU.ActiveCfg = Debug|Any CPU
		{0A819B22-F237-428E-AC57-9B38A8A615D7}.Debug|Any CPU.Build.0 = Debug|Any CPU
		{0A819B22-F237-428E-AC57-9B38A8A615D7}.Debug|x64.ActiveCfg = Debug|Any CPU
		{0A819B22-F237-428E-AC57-9B38A8A615D7}.Debug|x64.Build.0 = Debug|Any CPU
		{0A819B22-F237-428E-AC57-9B38A8A615D7}.Debug|x86.ActiveCfg = Debug|Any CPU
		{0A819B22-F237-428E-AC57-9B38A8A615D7}.Debug|x86.Build.0 = Debug|Any CPU
		{0A819B22-F237-428E-AC57-9B38A8A615D7}.Release|Any CPU.ActiveCfg = Release|Any CPU
		{0A819B22-F237-428E-AC57-9B38A8A615D7}.Release|Any CPU.Build.0 = Release|Any CPU
		{0A819B22-F237-428E-AC57-9B38A8A615D7}.Release|x64.ActiveCfg = Release|Any CPU
		{0A819B22-F237-428E-AC57-9B38A8A615D7}.Release|x64.Build.0 = Release|Any CPU
		{0A819B22-F237-428E-AC57-9B38A8A615D7}.Release|x86.ActiveCfg = Release|Any CPU
		{0A819B22-F237-428E-AC57-9B38A8A615D7}.Release|x86.Build.0 = Release|Any CPU
		{B4D5439C-5F48-41AB-8011-9F248C84332A}.Debug|Any CPU.ActiveCfg = Debug|Any CPU
		{B4D5439C-5F48-41AB-8011-9F248C84332A}.Debug|Any CPU.Build.0 = Debug|Any CPU
		{B4D5439C-5F48-41AB-8011-9F248C84332A}.Debug|x64.ActiveCfg = Debug|Any CPU
		{B4D5439C-5F48-41AB-8011-9F248C84332A}.Debug|x64.Build.0 = Debug|Any CPU
		{B4D5439C-5F48-41AB-8011-9F248C84332A}.Debug|x86.ActiveCfg = Debug|Any CPU
		{B4D5439C-5F48-41AB-8011-9F248C84332A}.Debug|x86.Build.0 = Debug|Any CPU
		{B4D5439C-5F48-41AB-8011-9F248C84332A}.Release|Any CPU.ActiveCfg = Release|Any CPU
		{B4D5439C-5F48-41AB-8011-9F248C84332A}.Release|Any CPU.Build.0 = Release|Any CPU
		{B4D5439C-5F48-41AB-8011-9F248C84332A}.Release|x64.ActiveCfg = Release|Any CPU
		{B4D5439C-5F48-41AB-8011-9F248C84332A}.Release|x64.Build.0 = Release|Any CPU
		{B4D5439C-5F48-41AB-8011-9F248C84332A}.Release|x86.ActiveCfg = Release|Any CPU
		{B4D5439C-5F48-41AB-8011-9F248C84332A}.Release|x86.Build.0 = Release|Any CPU
		{573EEAA2-FAF9-4489-9596-54D2FEB4038E}.Debug|Any CPU.ActiveCfg = Debug|Any CPU
		{573EEAA2-FAF9-4489-9596-54D2FEB4038E}.Debug|Any CPU.Build.0 = Debug|Any CPU
		{573EEAA2-FAF9-4489-9596-54D2FEB4038E}.Debug|x64.ActiveCfg = Debug|Any CPU
		{573EEAA2-FAF9-4489-9596-54D2FEB4038E}.Debug|x64.Build.0 = Debug|Any CPU
		{573EEAA2-FAF9-4489-9596-54D2FEB4038E}.Debug|x86.ActiveCfg = Debug|Any CPU
		{573EEAA2-FAF9-4489-9596-54D2FEB4038E}.Debug|x86.Build.0 = Debug|Any CPU
		{573EEAA2-FAF9-4489-9596-54D2FEB4038E}.Release|Any CPU.ActiveCfg = Release|Any CPU
		{573EEAA2-FAF9-4489-9596-54D2FEB4038E}.Release|Any CPU.Build.0 = Release|Any CPU
		{573EEAA2-FAF9-4489-9596-54D2FEB4038E}.Release|x64.ActiveCfg = Release|Any CPU
		{573EEAA2-FAF9-4489-9596-54D2FEB4038E}.Release|x64.Build.0 = Release|Any CPU
		{573EEAA2-FAF9-4489-9596-54D2FEB4038E}.Release|x86.ActiveCfg = Release|Any CPU
		{573EEAA2-FAF9-4489-9596-54D2FEB4038E}.Release|x86.Build.0 = Release|Any CPU
		{2D148905-ADDC-4454-9B58-F8CE768C77F0}.Debug|Any CPU.ActiveCfg = Debug|Any CPU
		{2D148905-ADDC-4454-9B58-F8CE768C77F0}.Debug|Any CPU.Build.0 = Debug|Any CPU
		{2D148905-ADDC-4454-9B58-F8CE768C77F0}.Debug|x64.ActiveCfg = Debug|Any CPU
		{2D148905-ADDC-4454-9B58-F8CE768C77F0}.Debug|x64.Build.0 = Debug|Any CPU
		{2D148905-ADDC-4454-9B58-F8CE768C77F0}.Debug|x86.ActiveCfg = Debug|Any CPU
		{2D148905-ADDC-4454-9B58-F8CE768C77F0}.Debug|x86.Build.0 = Debug|Any CPU
		{2D148905-ADDC-4454-9B58-F8CE768C77F0}.Release|Any CPU.ActiveCfg = Release|Any CPU
		{2D148905-ADDC-4454-9B58-F8CE768C77F0}.Release|Any CPU.Build.0 = Release|Any CPU
		{2D148905-ADDC-4454-9B58-F8CE768C77F0}.Release|x64.ActiveCfg = Release|Any CPU
		{2D148905-ADDC-4454-9B58-F8CE768C77F0}.Release|x64.Build.0 = Release|Any CPU
		{2D148905-ADDC-4454-9B58-F8CE768C77F0}.Release|x86.ActiveCfg = Release|Any CPU
		{2D148905-ADDC-4454-9B58-F8CE768C77F0}.Release|x86.Build.0 = Release|Any CPU
		{DBFC4DCF-F395-4EDD-BB8F-0BA9D1B31908}.Debug|Any CPU.ActiveCfg = Debug|Any CPU
		{DBFC4DCF-F395-4EDD-BB8F-0BA9D1B31908}.Debug|Any CPU.Build.0 = Debug|Any CPU
		{DBFC4DCF-F395-4EDD-BB8F-0BA9D1B31908}.Debug|x64.ActiveCfg = Debug|Any CPU
		{DBFC4DCF-F395-4EDD-BB8F-0BA9D1B31908}.Debug|x64.Build.0 = Debug|Any CPU
		{DBFC4DCF-F395-4EDD-BB8F-0BA9D1B31908}.Debug|x86.ActiveCfg = Debug|Any CPU
		{DBFC4DCF-F395-4EDD-BB8F-0BA9D1B31908}.Debug|x86.Build.0 = Debug|Any CPU
		{DBFC4DCF-F395-4EDD-BB8F-0BA9D1B31908}.Release|Any CPU.ActiveCfg = Release|Any CPU
		{DBFC4DCF-F395-4EDD-BB8F-0BA9D1B31908}.Release|Any CPU.Build.0 = Release|Any CPU
		{DBFC4DCF-F395-4EDD-BB8F-0BA9D1B31908}.Release|x64.ActiveCfg = Release|Any CPU
		{DBFC4DCF-F395-4EDD-BB8F-0BA9D1B31908}.Release|x64.Build.0 = Release|Any CPU
		{DBFC4DCF-F395-4EDD-BB8F-0BA9D1B31908}.Release|x86.ActiveCfg = Release|Any CPU
		{DBFC4DCF-F395-4EDD-BB8F-0BA9D1B31908}.Release|x86.Build.0 = Release|Any CPU
		{5A0BDE1C-1940-4C98-84E8-C7A112645AE7}.Debug|Any CPU.ActiveCfg = Debug|Any CPU
		{5A0BDE1C-1940-4C98-84E8-C7A112645AE7}.Debug|Any CPU.Build.0 = Debug|Any CPU
		{5A0BDE1C-1940-4C98-84E8-C7A112645AE7}.Debug|x64.ActiveCfg = Debug|Any CPU
		{5A0BDE1C-1940-4C98-84E8-C7A112645AE7}.Debug|x64.Build.0 = Debug|Any CPU
		{5A0BDE1C-1940-4C98-84E8-C7A112645AE7}.Debug|x86.ActiveCfg = Debug|Any CPU
		{5A0BDE1C-1940-4C98-84E8-C7A112645AE7}.Debug|x86.Build.0 = Debug|Any CPU
		{5A0BDE1C-1940-4C98-84E8-C7A112645AE7}.Release|Any CPU.ActiveCfg = Release|Any CPU
		{5A0BDE1C-1940-4C98-84E8-C7A112645AE7}.Release|Any CPU.Build.0 = Release|Any CPU
		{5A0BDE1C-1940-4C98-84E8-C7A112645AE7}.Release|x64.ActiveCfg = Release|Any CPU
		{5A0BDE1C-1940-4C98-84E8-C7A112645AE7}.Release|x64.Build.0 = Release|Any CPU
		{5A0BDE1C-1940-4C98-84E8-C7A112645AE7}.Release|x86.ActiveCfg = Release|Any CPU
		{5A0BDE1C-1940-4C98-84E8-C7A112645AE7}.Release|x86.Build.0 = Release|Any CPU
		{AF0A7FE2-5159-42A0-AF22-E2BD88F374BC}.Debug|Any CPU.ActiveCfg = Debug|Any CPU
		{AF0A7FE2-5159-42A0-AF22-E2BD88F374BC}.Debug|Any CPU.Build.0 = Debug|Any CPU
		{AF0A7FE2-5159-42A0-AF22-E2BD88F374BC}.Debug|x64.ActiveCfg = Debug|Any CPU
		{AF0A7FE2-5159-42A0-AF22-E2BD88F374BC}.Debug|x64.Build.0 = Debug|Any CPU
		{AF0A7FE2-5159-42A0-AF22-E2BD88F374BC}.Debug|x86.ActiveCfg = Debug|Any CPU
		{AF0A7FE2-5159-42A0-AF22-E2BD88F374BC}.Debug|x86.Build.0 = Debug|Any CPU
		{AF0A7FE2-5159-42A0-AF22-E2BD88F374BC}.Release|Any CPU.ActiveCfg = Release|Any CPU
		{AF0A7FE2-5159-42A0-AF22-E2BD88F374BC}.Release|Any CPU.Build.0 = Release|Any CPU
		{AF0A7FE2-5159-42A0-AF22-E2BD88F374BC}.Release|x64.ActiveCfg = Release|Any CPU
		{AF0A7FE2-5159-42A0-AF22-E2BD88F374BC}.Release|x64.Build.0 = Release|Any CPU
		{AF0A7FE2-5159-42A0-AF22-E2BD88F374BC}.Release|x86.ActiveCfg = Release|Any CPU
		{AF0A7FE2-5159-42A0-AF22-E2BD88F374BC}.Release|x86.Build.0 = Release|Any CPU
		{B3CD2110-FDAE-422B-9838-5D7DD4CE9211}.Debug|Any CPU.ActiveCfg = Debug|Any CPU
		{B3CD2110-FDAE-422B-9838-5D7DD4CE9211}.Debug|Any CPU.Build.0 = Debug|Any CPU
		{B3CD2110-FDAE-422B-9838-5D7DD4CE9211}.Debug|x64.ActiveCfg = Debug|Any CPU
		{B3CD2110-FDAE-422B-9838-5D7DD4CE9211}.Debug|x64.Build.0 = Debug|Any CPU
		{B3CD2110-FDAE-422B-9838-5D7DD4CE9211}.Debug|x86.ActiveCfg = Debug|Any CPU
		{B3CD2110-FDAE-422B-9838-5D7DD4CE9211}.Debug|x86.Build.0 = Debug|Any CPU
		{B3CD2110-FDAE-422B-9838-5D7DD4CE9211}.Release|Any CPU.ActiveCfg = Release|Any CPU
		{B3CD2110-FDAE-422B-9838-5D7DD4CE9211}.Release|Any CPU.Build.0 = Release|Any CPU
		{B3CD2110-FDAE-422B-9838-5D7DD4CE9211}.Release|x64.ActiveCfg = Release|Any CPU
		{B3CD2110-FDAE-422B-9838-5D7DD4CE9211}.Release|x64.Build.0 = Release|Any CPU
		{B3CD2110-FDAE-422B-9838-5D7DD4CE9211}.Release|x86.ActiveCfg = Release|Any CPU
		{B3CD2110-FDAE-422B-9838-5D7DD4CE9211}.Release|x86.Build.0 = Release|Any CPU
		{068340B4-0CC8-4775-B534-B32E6DB739A2}.Debug|Any CPU.ActiveCfg = Debug|Any CPU
		{068340B4-0CC8-4775-B534-B32E6DB739A2}.Debug|Any CPU.Build.0 = Debug|Any CPU
		{068340B4-0CC8-4775-B534-B32E6DB739A2}.Debug|x64.ActiveCfg = Debug|Any CPU
		{068340B4-0CC8-4775-B534-B32E6DB739A2}.Debug|x64.Build.0 = Debug|Any CPU
		{068340B4-0CC8-4775-B534-B32E6DB739A2}.Debug|x86.ActiveCfg = Debug|Any CPU
		{068340B4-0CC8-4775-B534-B32E6DB739A2}.Debug|x86.Build.0 = Debug|Any CPU
		{068340B4-0CC8-4775-B534-B32E6DB739A2}.Release|Any CPU.ActiveCfg = Release|Any CPU
		{068340B4-0CC8-4775-B534-B32E6DB739A2}.Release|Any CPU.Build.0 = Release|Any CPU
		{068340B4-0CC8-4775-B534-B32E6DB739A2}.Release|x64.ActiveCfg = Release|Any CPU
		{068340B4-0CC8-4775-B534-B32E6DB739A2}.Release|x64.Build.0 = Release|Any CPU
		{068340B4-0CC8-4775-B534-B32E6DB739A2}.Release|x86.ActiveCfg = Release|Any CPU
		{068340B4-0CC8-4775-B534-B32E6DB739A2}.Release|x86.Build.0 = Release|Any CPU
		{AADE91F6-6925-46E9-83DB-4061225ADF84}.Debug|Any CPU.ActiveCfg = Debug|Any CPU
		{AADE91F6-6925-46E9-83DB-4061225ADF84}.Debug|Any CPU.Build.0 = Debug|Any CPU
		{AADE91F6-6925-46E9-83DB-4061225ADF84}.Debug|x64.ActiveCfg = Debug|Any CPU
		{AADE91F6-6925-46E9-83DB-4061225ADF84}.Debug|x64.Build.0 = Debug|Any CPU
		{AADE91F6-6925-46E9-83DB-4061225ADF84}.Debug|x86.ActiveCfg = Debug|Any CPU
		{AADE91F6-6925-46E9-83DB-4061225ADF84}.Debug|x86.Build.0 = Debug|Any CPU
		{AADE91F6-6925-46E9-83DB-4061225ADF84}.Release|Any CPU.ActiveCfg = Release|Any CPU
		{AADE91F6-6925-46E9-83DB-4061225ADF84}.Release|Any CPU.Build.0 = Release|Any CPU
		{AADE91F6-6925-46E9-83DB-4061225ADF84}.Release|x64.ActiveCfg = Release|Any CPU
		{AADE91F6-6925-46E9-83DB-4061225ADF84}.Release|x64.Build.0 = Release|Any CPU
		{AADE91F6-6925-46E9-83DB-4061225ADF84}.Release|x86.ActiveCfg = Release|Any CPU
		{AADE91F6-6925-46E9-83DB-4061225ADF84}.Release|x86.Build.0 = Release|Any CPU
		{500D430D-A7E7-4763-B9E7-64C83B1A2A8B}.Debug|Any CPU.ActiveCfg = Debug|Any CPU
		{500D430D-A7E7-4763-B9E7-64C83B1A2A8B}.Debug|Any CPU.Build.0 = Debug|Any CPU
		{500D430D-A7E7-4763-B9E7-64C83B1A2A8B}.Debug|x64.ActiveCfg = Debug|Any CPU
		{500D430D-A7E7-4763-B9E7-64C83B1A2A8B}.Debug|x64.Build.0 = Debug|Any CPU
		{500D430D-A7E7-4763-B9E7-64C83B1A2A8B}.Debug|x86.ActiveCfg = Debug|Any CPU
		{500D430D-A7E7-4763-B9E7-64C83B1A2A8B}.Debug|x86.Build.0 = Debug|Any CPU
		{500D430D-A7E7-4763-B9E7-64C83B1A2A8B}.Release|Any CPU.ActiveCfg = Release|Any CPU
		{500D430D-A7E7-4763-B9E7-64C83B1A2A8B}.Release|Any CPU.Build.0 = Release|Any CPU
		{500D430D-A7E7-4763-B9E7-64C83B1A2A8B}.Release|x64.ActiveCfg = Release|Any CPU
		{500D430D-A7E7-4763-B9E7-64C83B1A2A8B}.Release|x64.Build.0 = Release|Any CPU
		{500D430D-A7E7-4763-B9E7-64C83B1A2A8B}.Release|x86.ActiveCfg = Release|Any CPU
		{500D430D-A7E7-4763-B9E7-64C83B1A2A8B}.Release|x86.Build.0 = Release|Any CPU
		{1E1E8425-0060-46F7-BBA3-063EA26A53A3}.Debug|Any CPU.ActiveCfg = Debug|Any CPU
		{1E1E8425-0060-46F7-BBA3-063EA26A53A3}.Debug|Any CPU.Build.0 = Debug|Any CPU
		{1E1E8425-0060-46F7-BBA3-063EA26A53A3}.Debug|x64.ActiveCfg = Debug|Any CPU
		{1E1E8425-0060-46F7-BBA3-063EA26A53A3}.Debug|x64.Build.0 = Debug|Any CPU
		{1E1E8425-0060-46F7-BBA3-063EA26A53A3}.Debug|x86.ActiveCfg = Debug|Any CPU
		{1E1E8425-0060-46F7-BBA3-063EA26A53A3}.Debug|x86.Build.0 = Debug|Any CPU
		{1E1E8425-0060-46F7-BBA3-063EA26A53A3}.Release|Any CPU.ActiveCfg = Release|Any CPU
		{1E1E8425-0060-46F7-BBA3-063EA26A53A3}.Release|Any CPU.Build.0 = Release|Any CPU
		{1E1E8425-0060-46F7-BBA3-063EA26A53A3}.Release|x64.ActiveCfg = Release|Any CPU
		{1E1E8425-0060-46F7-BBA3-063EA26A53A3}.Release|x64.Build.0 = Release|Any CPU
		{1E1E8425-0060-46F7-BBA3-063EA26A53A3}.Release|x86.ActiveCfg = Release|Any CPU
		{1E1E8425-0060-46F7-BBA3-063EA26A53A3}.Release|x86.Build.0 = Release|Any CPU
		{D6634C10-FAF1-4533-8845-6915197349D7}.Debug|Any CPU.ActiveCfg = Debug|Any CPU
		{D6634C10-FAF1-4533-8845-6915197349D7}.Debug|Any CPU.Build.0 = Debug|Any CPU
		{D6634C10-FAF1-4533-8845-6915197349D7}.Debug|x64.ActiveCfg = Debug|Any CPU
		{D6634C10-FAF1-4533-8845-6915197349D7}.Debug|x64.Build.0 = Debug|Any CPU
		{D6634C10-FAF1-4533-8845-6915197349D7}.Debug|x86.ActiveCfg = Debug|Any CPU
		{D6634C10-FAF1-4533-8845-6915197349D7}.Debug|x86.Build.0 = Debug|Any CPU
		{D6634C10-FAF1-4533-8845-6915197349D7}.Release|Any CPU.ActiveCfg = Release|Any CPU
		{D6634C10-FAF1-4533-8845-6915197349D7}.Release|Any CPU.Build.0 = Release|Any CPU
		{D6634C10-FAF1-4533-8845-6915197349D7}.Release|x64.ActiveCfg = Release|Any CPU
		{D6634C10-FAF1-4533-8845-6915197349D7}.Release|x64.Build.0 = Release|Any CPU
		{D6634C10-FAF1-4533-8845-6915197349D7}.Release|x86.ActiveCfg = Release|Any CPU
		{D6634C10-FAF1-4533-8845-6915197349D7}.Release|x86.Build.0 = Release|Any CPU
		{00607D0B-4E8E-4C2F-8330-A7BF655580D0}.Debug|Any CPU.ActiveCfg = Debug|Any CPU
		{00607D0B-4E8E-4C2F-8330-A7BF655580D0}.Debug|Any CPU.Build.0 = Debug|Any CPU
		{00607D0B-4E8E-4C2F-8330-A7BF655580D0}.Debug|x64.ActiveCfg = Debug|Any CPU
		{00607D0B-4E8E-4C2F-8330-A7BF655580D0}.Debug|x64.Build.0 = Debug|Any CPU
		{00607D0B-4E8E-4C2F-8330-A7BF655580D0}.Debug|x86.ActiveCfg = Debug|Any CPU
		{00607D0B-4E8E-4C2F-8330-A7BF655580D0}.Debug|x86.Build.0 = Debug|Any CPU
		{00607D0B-4E8E-4C2F-8330-A7BF655580D0}.Release|Any CPU.ActiveCfg = Release|Any CPU
		{00607D0B-4E8E-4C2F-8330-A7BF655580D0}.Release|Any CPU.Build.0 = Release|Any CPU
		{00607D0B-4E8E-4C2F-8330-A7BF655580D0}.Release|x64.ActiveCfg = Release|Any CPU
		{00607D0B-4E8E-4C2F-8330-A7BF655580D0}.Release|x64.Build.0 = Release|Any CPU
		{00607D0B-4E8E-4C2F-8330-A7BF655580D0}.Release|x86.ActiveCfg = Release|Any CPU
		{00607D0B-4E8E-4C2F-8330-A7BF655580D0}.Release|x86.Build.0 = Release|Any CPU
		{42AAB45B-CB91-472E-A280-5EBAF6B731A2}.Debug|Any CPU.ActiveCfg = Debug|Any CPU
		{42AAB45B-CB91-472E-A280-5EBAF6B731A2}.Debug|Any CPU.Build.0 = Debug|Any CPU
		{42AAB45B-CB91-472E-A280-5EBAF6B731A2}.Debug|x64.ActiveCfg = Debug|Any CPU
		{42AAB45B-CB91-472E-A280-5EBAF6B731A2}.Debug|x64.Build.0 = Debug|Any CPU
		{42AAB45B-CB91-472E-A280-5EBAF6B731A2}.Debug|x86.ActiveCfg = Debug|Any CPU
		{42AAB45B-CB91-472E-A280-5EBAF6B731A2}.Debug|x86.Build.0 = Debug|Any CPU
		{42AAB45B-CB91-472E-A280-5EBAF6B731A2}.Release|Any CPU.ActiveCfg = Release|Any CPU
		{42AAB45B-CB91-472E-A280-5EBAF6B731A2}.Release|Any CPU.Build.0 = Release|Any CPU
		{42AAB45B-CB91-472E-A280-5EBAF6B731A2}.Release|x64.ActiveCfg = Release|Any CPU
		{42AAB45B-CB91-472E-A280-5EBAF6B731A2}.Release|x64.Build.0 = Release|Any CPU
		{42AAB45B-CB91-472E-A280-5EBAF6B731A2}.Release|x86.ActiveCfg = Release|Any CPU
		{42AAB45B-CB91-472E-A280-5EBAF6B731A2}.Release|x86.Build.0 = Release|Any CPU
		{2C2185E6-7B92-4BA9-B4B9-11CFDDB82A98}.Debug|Any CPU.ActiveCfg = Debug|Any CPU
		{2C2185E6-7B92-4BA9-B4B9-11CFDDB82A98}.Debug|Any CPU.Build.0 = Debug|Any CPU
		{2C2185E6-7B92-4BA9-B4B9-11CFDDB82A98}.Debug|x64.ActiveCfg = Debug|Any CPU
		{2C2185E6-7B92-4BA9-B4B9-11CFDDB82A98}.Debug|x64.Build.0 = Debug|Any CPU
		{2C2185E6-7B92-4BA9-B4B9-11CFDDB82A98}.Debug|x86.ActiveCfg = Debug|Any CPU
		{2C2185E6-7B92-4BA9-B4B9-11CFDDB82A98}.Debug|x86.Build.0 = Debug|Any CPU
		{2C2185E6-7B92-4BA9-B4B9-11CFDDB82A98}.Release|Any CPU.ActiveCfg = Release|Any CPU
		{2C2185E6-7B92-4BA9-B4B9-11CFDDB82A98}.Release|Any CPU.Build.0 = Release|Any CPU
		{2C2185E6-7B92-4BA9-B4B9-11CFDDB82A98}.Release|x64.ActiveCfg = Release|Any CPU
		{2C2185E6-7B92-4BA9-B4B9-11CFDDB82A98}.Release|x64.Build.0 = Release|Any CPU
		{2C2185E6-7B92-4BA9-B4B9-11CFDDB82A98}.Release|x86.ActiveCfg = Release|Any CPU
		{2C2185E6-7B92-4BA9-B4B9-11CFDDB82A98}.Release|x86.Build.0 = Release|Any CPU
		{5431DF9E-7216-4D93-8C1D-AA65A5EF9168}.Debug|Any CPU.ActiveCfg = Debug|Any CPU
		{5431DF9E-7216-4D93-8C1D-AA65A5EF9168}.Debug|Any CPU.Build.0 = Debug|Any CPU
		{5431DF9E-7216-4D93-8C1D-AA65A5EF9168}.Debug|x64.ActiveCfg = Debug|Any CPU
		{5431DF9E-7216-4D93-8C1D-AA65A5EF9168}.Debug|x64.Build.0 = Debug|Any CPU
		{5431DF9E-7216-4D93-8C1D-AA65A5EF9168}.Debug|x86.ActiveCfg = Debug|Any CPU
		{5431DF9E-7216-4D93-8C1D-AA65A5EF9168}.Debug|x86.Build.0 = Debug|Any CPU
		{5431DF9E-7216-4D93-8C1D-AA65A5EF9168}.Release|Any CPU.ActiveCfg = Release|Any CPU
		{5431DF9E-7216-4D93-8C1D-AA65A5EF9168}.Release|Any CPU.Build.0 = Release|Any CPU
		{5431DF9E-7216-4D93-8C1D-AA65A5EF9168}.Release|x64.ActiveCfg = Release|Any CPU
		{5431DF9E-7216-4D93-8C1D-AA65A5EF9168}.Release|x64.Build.0 = Release|Any CPU
		{5431DF9E-7216-4D93-8C1D-AA65A5EF9168}.Release|x86.ActiveCfg = Release|Any CPU
		{5431DF9E-7216-4D93-8C1D-AA65A5EF9168}.Release|x86.Build.0 = Release|Any CPU
		{386F95DA-3E66-4C63-AADE-439D7B932617}.Debug|Any CPU.ActiveCfg = Debug|Any CPU
		{386F95DA-3E66-4C63-AADE-439D7B932617}.Debug|Any CPU.Build.0 = Debug|Any CPU
		{386F95DA-3E66-4C63-AADE-439D7B932617}.Debug|x64.ActiveCfg = Debug|Any CPU
		{386F95DA-3E66-4C63-AADE-439D7B932617}.Debug|x64.Build.0 = Debug|Any CPU
		{386F95DA-3E66-4C63-AADE-439D7B932617}.Debug|x86.ActiveCfg = Debug|Any CPU
		{386F95DA-3E66-4C63-AADE-439D7B932617}.Debug|x86.Build.0 = Debug|Any CPU
		{386F95DA-3E66-4C63-AADE-439D7B932617}.Release|Any CPU.ActiveCfg = Release|Any CPU
		{386F95DA-3E66-4C63-AADE-439D7B932617}.Release|Any CPU.Build.0 = Release|Any CPU
		{386F95DA-3E66-4C63-AADE-439D7B932617}.Release|x64.ActiveCfg = Release|Any CPU
		{386F95DA-3E66-4C63-AADE-439D7B932617}.Release|x64.Build.0 = Release|Any CPU
		{386F95DA-3E66-4C63-AADE-439D7B932617}.Release|x86.ActiveCfg = Release|Any CPU
		{386F95DA-3E66-4C63-AADE-439D7B932617}.Release|x86.Build.0 = Release|Any CPU
		{C67A4BD2-B5A9-4AC3-A09C-2388FF77EF5C}.Debug|Any CPU.ActiveCfg = Debug|Any CPU
		{C67A4BD2-B5A9-4AC3-A09C-2388FF77EF5C}.Debug|Any CPU.Build.0 = Debug|Any CPU
		{C67A4BD2-B5A9-4AC3-A09C-2388FF77EF5C}.Debug|x64.ActiveCfg = Debug|Any CPU
		{C67A4BD2-B5A9-4AC3-A09C-2388FF77EF5C}.Debug|x64.Build.0 = Debug|Any CPU
		{C67A4BD2-B5A9-4AC3-A09C-2388FF77EF5C}.Debug|x86.ActiveCfg = Debug|Any CPU
		{C67A4BD2-B5A9-4AC3-A09C-2388FF77EF5C}.Debug|x86.Build.0 = Debug|Any CPU
		{C67A4BD2-B5A9-4AC3-A09C-2388FF77EF5C}.Release|Any CPU.ActiveCfg = Release|Any CPU
		{C67A4BD2-B5A9-4AC3-A09C-2388FF77EF5C}.Release|Any CPU.Build.0 = Release|Any CPU
		{C67A4BD2-B5A9-4AC3-A09C-2388FF77EF5C}.Release|x64.ActiveCfg = Release|Any CPU
		{C67A4BD2-B5A9-4AC3-A09C-2388FF77EF5C}.Release|x64.Build.0 = Release|Any CPU
		{C67A4BD2-B5A9-4AC3-A09C-2388FF77EF5C}.Release|x86.ActiveCfg = Release|Any CPU
		{C67A4BD2-B5A9-4AC3-A09C-2388FF77EF5C}.Release|x86.Build.0 = Release|Any CPU
		{F1A2B3C4-D5E6-4F7A-8B9C-0D1E2F3A4B5D}.Debug|Any CPU.ActiveCfg = Debug|Any CPU
		{F1A2B3C4-D5E6-4F7A-8B9C-0D1E2F3A4B5D}.Debug|Any CPU.Build.0 = Debug|Any CPU
		{F1A2B3C4-D5E6-4F7A-8B9C-0D1E2F3A4B5D}.Debug|x64.ActiveCfg = Debug|Any CPU
		{F1A2B3C4-D5E6-4F7A-8B9C-0D1E2F3A4B5D}.Debug|x64.Build.0 = Debug|Any CPU
		{F1A2B3C4-D5E6-4F7A-8B9C-0D1E2F3A4B5D}.Debug|x86.ActiveCfg = Debug|Any CPU
		{F1A2B3C4-D5E6-4F7A-8B9C-0D1E2F3A4B5D}.Debug|x86.Build.0 = Debug|Any CPU
		{F1A2B3C4-D5E6-4F7A-8B9C-0D1E2F3A4B5D}.Release|Any CPU.ActiveCfg = Release|Any CPU
		{F1A2B3C4-D5E6-4F7A-8B9C-0D1E2F3A4B5D}.Release|Any CPU.Build.0 = Release|Any CPU
		{F1A2B3C4-D5E6-4F7A-8B9C-0D1E2F3A4B5D}.Release|x64.ActiveCfg = Release|Any CPU
		{F1A2B3C4-D5E6-4F7A-8B9C-0D1E2F3A4B5D}.Release|x64.Build.0 = Release|Any CPU
		{F1A2B3C4-D5E6-4F7A-8B9C-0D1E2F3A4B5D}.Release|x86.ActiveCfg = Release|Any CPU
		{F1A2B3C4-D5E6-4F7A-8B9C-0D1E2F3A4B5D}.Release|x86.Build.0 = Release|Any CPU
		{F2A2B3C4-D5E6-4F7A-8B9C-0D1E2F3A4B5E}.Debug|Any CPU.ActiveCfg = Debug|Any CPU
		{F2A2B3C4-D5E6-4F7A-8B9C-0D1E2F3A4B5E}.Debug|Any CPU.Build.0 = Debug|Any CPU
		{F2A2B3C4-D5E6-4F7A-8B9C-0D1E2F3A4B5E}.Debug|x64.ActiveCfg = Debug|Any CPU
		{F2A2B3C4-D5E6-4F7A-8B9C-0D1E2F3A4B5E}.Debug|x64.Build.0 = Debug|Any CPU
		{F2A2B3C4-D5E6-4F7A-8B9C-0D1E2F3A4B5E}.Debug|x86.ActiveCfg = Debug|Any CPU
		{F2A2B3C4-D5E6-4F7A-8B9C-0D1E2F3A4B5E}.Debug|x86.Build.0 = Debug|Any CPU
		{F2A2B3C4-D5E6-4F7A-8B9C-0D1E2F3A4B5E}.Release|Any CPU.ActiveCfg = Release|Any CPU
		{F2A2B3C4-D5E6-4F7A-8B9C-0D1E2F3A4B5E}.Release|Any CPU.Build.0 = Release|Any CPU
		{F2A2B3C4-D5E6-4F7A-8B9C-0D1E2F3A4B5E}.Release|x64.ActiveCfg = Release|Any CPU
		{F2A2B3C4-D5E6-4F7A-8B9C-0D1E2F3A4B5E}.Release|x64.Build.0 = Release|Any CPU
		{F2A2B3C4-D5E6-4F7A-8B9C-0D1E2F3A4B5E}.Release|x86.ActiveCfg = Release|Any CPU
		{F2A2B3C4-D5E6-4F7A-8B9C-0D1E2F3A4B5E}.Release|x86.Build.0 = Release|Any CPU
		{F3A2B3C4-D5E6-4F7A-8B9C-0D1E2F3A4B5F}.Debug|Any CPU.ActiveCfg = Debug|Any CPU
		{F3A2B3C4-D5E6-4F7A-8B9C-0D1E2F3A4B5F}.Debug|Any CPU.Build.0 = Debug|Any CPU
		{F3A2B3C4-D5E6-4F7A-8B9C-0D1E2F3A4B5F}.Debug|x64.ActiveCfg = Debug|Any CPU
		{F3A2B3C4-D5E6-4F7A-8B9C-0D1E2F3A4B5F}.Debug|x64.Build.0 = Debug|Any CPU
		{F3A2B3C4-D5E6-4F7A-8B9C-0D1E2F3A4B5F}.Debug|x86.ActiveCfg = Debug|Any CPU
		{F3A2B3C4-D5E6-4F7A-8B9C-0D1E2F3A4B5F}.Debug|x86.Build.0 = Debug|Any CPU
		{F3A2B3C4-D5E6-4F7A-8B9C-0D1E2F3A4B5F}.Release|Any CPU.ActiveCfg = Release|Any CPU
		{F3A2B3C4-D5E6-4F7A-8B9C-0D1E2F3A4B5F}.Release|Any CPU.Build.0 = Release|Any CPU
		{F3A2B3C4-D5E6-4F7A-8B9C-0D1E2F3A4B5F}.Release|x64.ActiveCfg = Release|Any CPU
		{F3A2B3C4-D5E6-4F7A-8B9C-0D1E2F3A4B5F}.Release|x64.Build.0 = Release|Any CPU
		{F3A2B3C4-D5E6-4F7A-8B9C-0D1E2F3A4B5F}.Release|x86.ActiveCfg = Release|Any CPU
		{F3A2B3C4-D5E6-4F7A-8B9C-0D1E2F3A4B5F}.Release|x86.Build.0 = Release|Any CPU
		{F4A2B3C4-D5E6-4F7A-8B9C-0D1E2F3A4B60}.Debug|Any CPU.ActiveCfg = Debug|Any CPU
		{F4A2B3C4-D5E6-4F7A-8B9C-0D1E2F3A4B60}.Debug|Any CPU.Build.0 = Debug|Any CPU
		{F4A2B3C4-D5E6-4F7A-8B9C-0D1E2F3A4B60}.Debug|x64.ActiveCfg = Debug|Any CPU
		{F4A2B3C4-D5E6-4F7A-8B9C-0D1E2F3A4B60}.Debug|x64.Build.0 = Debug|Any CPU
		{F4A2B3C4-D5E6-4F7A-8B9C-0D1E2F3A4B60}.Debug|x86.ActiveCfg = Debug|Any CPU
		{F4A2B3C4-D5E6-4F7A-8B9C-0D1E2F3A4B60}.Debug|x86.Build.0 = Debug|Any CPU
		{F4A2B3C4-D5E6-4F7A-8B9C-0D1E2F3A4B60}.Release|Any CPU.ActiveCfg = Release|Any CPU
		{F4A2B3C4-D5E6-4F7A-8B9C-0D1E2F3A4B60}.Release|Any CPU.Build.0 = Release|Any CPU
		{F4A2B3C4-D5E6-4F7A-8B9C-0D1E2F3A4B60}.Release|x64.ActiveCfg = Release|Any CPU
		{F4A2B3C4-D5E6-4F7A-8B9C-0D1E2F3A4B60}.Release|x64.Build.0 = Release|Any CPU
		{F4A2B3C4-D5E6-4F7A-8B9C-0D1E2F3A4B60}.Release|x86.ActiveCfg = Release|Any CPU
		{F4A2B3C4-D5E6-4F7A-8B9C-0D1E2F3A4B60}.Release|x86.Build.0 = Release|Any CPU
		{F5A2B3C4-D5E6-4F7A-8B9C-0D1E2F3A4B61}.Debug|Any CPU.ActiveCfg = Debug|Any CPU
		{F5A2B3C4-D5E6-4F7A-8B9C-0D1E2F3A4B61}.Debug|Any CPU.Build.0 = Debug|Any CPU
		{F5A2B3C4-D5E6-4F7A-8B9C-0D1E2F3A4B61}.Debug|x64.ActiveCfg = Debug|Any CPU
		{F5A2B3C4-D5E6-4F7A-8B9C-0D1E2F3A4B61}.Debug|x64.Build.0 = Debug|Any CPU
		{F5A2B3C4-D5E6-4F7A-8B9C-0D1E2F3A4B61}.Debug|x86.ActiveCfg = Debug|Any CPU
		{F5A2B3C4-D5E6-4F7A-8B9C-0D1E2F3A4B61}.Debug|x86.Build.0 = Debug|Any CPU
		{F5A2B3C4-D5E6-4F7A-8B9C-0D1E2F3A4B61}.Release|Any CPU.ActiveCfg = Release|Any CPU
		{F5A2B3C4-D5E6-4F7A-8B9C-0D1E2F3A4B61}.Release|Any CPU.Build.0 = Release|Any CPU
		{F5A2B3C4-D5E6-4F7A-8B9C-0D1E2F3A4B61}.Release|x64.ActiveCfg = Release|Any CPU
		{F5A2B3C4-D5E6-4F7A-8B9C-0D1E2F3A4B61}.Release|x64.Build.0 = Release|Any CPU
		{F5A2B3C4-D5E6-4F7A-8B9C-0D1E2F3A4B61}.Release|x86.ActiveCfg = Release|Any CPU
		{F5A2B3C4-D5E6-4F7A-8B9C-0D1E2F3A4B61}.Release|x86.Build.0 = Release|Any CPU
		{F6A2B3C4-D5E6-4F7A-8B9C-0D1E2F3A4B62}.Debug|Any CPU.ActiveCfg = Debug|Any CPU
		{F6A2B3C4-D5E6-4F7A-8B9C-0D1E2F3A4B62}.Debug|Any CPU.Build.0 = Debug|Any CPU
		{F6A2B3C4-D5E6-4F7A-8B9C-0D1E2F3A4B62}.Debug|x64.ActiveCfg = Debug|Any CPU
		{F6A2B3C4-D5E6-4F7A-8B9C-0D1E2F3A4B62}.Debug|x64.Build.0 = Debug|Any CPU
		{F6A2B3C4-D5E6-4F7A-8B9C-0D1E2F3A4B62}.Debug|x86.ActiveCfg = Debug|Any CPU
		{F6A2B3C4-D5E6-4F7A-8B9C-0D1E2F3A4B62}.Debug|x86.Build.0 = Debug|Any CPU
		{F6A2B3C4-D5E6-4F7A-8B9C-0D1E2F3A4B62}.Release|Any CPU.ActiveCfg = Release|Any CPU
		{F6A2B3C4-D5E6-4F7A-8B9C-0D1E2F3A4B62}.Release|Any CPU.Build.0 = Release|Any CPU
		{F6A2B3C4-D5E6-4F7A-8B9C-0D1E2F3A4B62}.Release|x64.ActiveCfg = Release|Any CPU
		{F6A2B3C4-D5E6-4F7A-8B9C-0D1E2F3A4B62}.Release|x64.Build.0 = Release|Any CPU
		{F6A2B3C4-D5E6-4F7A-8B9C-0D1E2F3A4B62}.Release|x86.ActiveCfg = Release|Any CPU
		{F6A2B3C4-D5E6-4F7A-8B9C-0D1E2F3A4B62}.Release|x86.Build.0 = Release|Any CPU
		{F7A2B3C4-D5E6-4F7A-8B9C-0D1E2F3A4B63}.Debug|Any CPU.ActiveCfg = Debug|Any CPU
		{F7A2B3C4-D5E6-4F7A-8B9C-0D1E2F3A4B63}.Debug|Any CPU.Build.0 = Debug|Any CPU
		{F7A2B3C4-D5E6-4F7A-8B9C-0D1E2F3A4B63}.Debug|x64.ActiveCfg = Debug|Any CPU
		{F7A2B3C4-D5E6-4F7A-8B9C-0D1E2F3A4B63}.Debug|x64.Build.0 = Debug|Any CPU
		{F7A2B3C4-D5E6-4F7A-8B9C-0D1E2F3A4B63}.Debug|x86.ActiveCfg = Debug|Any CPU
		{F7A2B3C4-D5E6-4F7A-8B9C-0D1E2F3A4B63}.Debug|x86.Build.0 = Debug|Any CPU
		{F7A2B3C4-D5E6-4F7A-8B9C-0D1E2F3A4B63}.Release|Any CPU.ActiveCfg = Release|Any CPU
		{F7A2B3C4-D5E6-4F7A-8B9C-0D1E2F3A4B63}.Release|Any CPU.Build.0 = Release|Any CPU
		{F7A2B3C4-D5E6-4F7A-8B9C-0D1E2F3A4B63}.Release|x64.ActiveCfg = Release|Any CPU
		{F7A2B3C4-D5E6-4F7A-8B9C-0D1E2F3A4B63}.Release|x64.Build.0 = Release|Any CPU
		{F7A2B3C4-D5E6-4F7A-8B9C-0D1E2F3A4B63}.Release|x86.ActiveCfg = Release|Any CPU
		{F7A2B3C4-D5E6-4F7A-8B9C-0D1E2F3A4B63}.Release|x86.Build.0 = Release|Any CPU
	EndGlobalSection
	GlobalSection(SolutionProperties) = preSolution
		HideSolutionNode = FALSE
	EndGlobalSection
	GlobalSection(NestedProjects) = preSolution
		{B586987C-10C2-5218-135C-3C3511D405C8} = {3FCA034F-F291-D711-2AF7-385EA34D5E6F}
		{166C9512-7296-25FD-E8DF-6E3A0537EB95} = {3FCA034F-F291-D711-2AF7-385EA34D5E6F}
		{96F52E38-C8E7-FFC2-1DB9-FDC6EB9DACA7} = {3FCA034F-F291-D711-2AF7-385EA34D5E6F}
		{6358A446-DDDC-A470-72C7-CB90FADFE442} = {3FCA034F-F291-D711-2AF7-385EA34D5E6F}
		{C48882A2-E36D-A15F-EB58-EED56D866608} = {3FCA034F-F291-D711-2AF7-385EA34D5E6F}
		{6448CE03-B5A2-6697-DEEB-E2C5C54B6B3A} = {0AB3BF05-4346-4AA6-1389-037BE0695223}
		{F75BCD31-065A-449D-0BFB-8CC2FA76654A} = {CA253913-39DE-BFD0-C9A3-4B7EC6FBDF17}
		{9CAE0D43-4946-C521-E269-769EB921976E} = {F75BCD31-065A-449D-0BFB-8CC2FA76654A}
		{F06BA1E0-0003-AE41-B00D-532B7C7CBA44} = {F75BCD31-065A-449D-0BFB-8CC2FA76654A}
		{3D207C2B-4DB7-2DD1-4D06-79E4EDC1812E} = {F75BCD31-065A-449D-0BFB-8CC2FA76654A}
		{AADF40B8-A4A8-59E7-46C1-15CA9CB1C9C3} = {F75BCD31-065A-449D-0BFB-8CC2FA76654A}
		{E19184CC-0AEB-5987-20CE-C4FC020AC3B0} = {F75BCD31-065A-449D-0BFB-8CC2FA76654A}
		{28205EDC-265F-877A-48B4-FDF19D216668} = {CA253913-39DE-BFD0-C9A3-4B7EC6FBDF17}
		{020B2927-1326-AAC4-3742-2CC2BB07D8AF} = {28205EDC-265F-877A-48B4-FDF19D216668}
		{7801C95C-564E-D42F-1122-1A328051E9B0} = {28205EDC-265F-877A-48B4-FDF19D216668}
		{DC123DF8-38C8-07E0-4EC4-A99014549848} = {28205EDC-265F-877A-48B4-FDF19D216668}
		{8AC720D8-C2A3-4640-A3AF-42A245DF3ECC} = {28205EDC-265F-877A-48B4-FDF19D216668}
		{7FA20377-851D-A1DD-4233-5AEDD2B7CB3D} = {28205EDC-265F-877A-48B4-FDF19D216668}
		{6E738700-F19F-83EF-9B5F-3C8900D73B86} = {CA253913-39DE-BFD0-C9A3-4B7EC6FBDF17}
		{2A94FAC6-9245-9CEB-3D22-79124530C2AE} = {6E738700-F19F-83EF-9B5F-3C8900D73B86}
		{20C1A06E-B3EA-7F21-97F4-39B4E17A6B88} = {6E738700-F19F-83EF-9B5F-3C8900D73B86}
		{81606D62-F153-2BB1-4147-6CB4649E6D7F} = {6E738700-F19F-83EF-9B5F-3C8900D73B86}
		{1EB7247A-BCE4-33E3-7341-E17336BFF34D} = {6E738700-F19F-83EF-9B5F-3C8900D73B86}
		{B203ACE6-99A7-4B5D-43A6-C840C4F705F8} = {6E738700-F19F-83EF-9B5F-3C8900D73B86}
		{69F4EB96-CD44-5844-512E-9C280B57EA67} = {F75BCD31-065A-449D-0BFB-8CC2FA76654A}
		{F2B78B4B-509C-76EB-DAAC-BC7C21629A32} = {69F4EB96-CD44-5844-512E-9C280B57EA67}
		{6AEF59A6-B465-1CC5-D8D1-68B0EC6B2401} = {69F4EB96-CD44-5844-512E-9C280B57EA67}
		{005D23D9-98A0-02B6-8C05-8C6240FBF66A} = {69F4EB96-CD44-5844-512E-9C280B57EA67}
		{1D6B1D38-BDEB-BE07-8FCE-3364BEFA2422} = {28205EDC-265F-877A-48B4-FDF19D216668}
		{FC99BECA-A288-7E7B-3D01-15E43269B892} = {1D6B1D38-BDEB-BE07-8FCE-3364BEFA2422}
		{BDF0E02A-A01D-1ABF-7C47-C270C6D2364C} = {1D6B1D38-BDEB-BE07-8FCE-3364BEFA2422}
		{B4EAB592-0127-60C2-0F2B-47F77EE9F884} = {1D6B1D38-BDEB-BE07-8FCE-3364BEFA2422}
		{02EA681E-C7D8-13C7-8484-4AC65E1B71E8} = {6E738700-F19F-83EF-9B5F-3C8900D73B86}
		{E99F957D-CD78-4905-9E6F-5D3CF7ACB0AD} = {02EA681E-C7D8-13C7-8484-4AC65E1B71E8}
		{8DAF2D35-88C4-468A-BED4-A05DC67B24E4} = {3FCA034F-F291-D711-2AF7-385EA34D5E6F}
		{2B0020AD-D218-479E-D059-1A22996046F7} = {8DAF2D35-88C4-468A-BED4-A05DC67B24E4}
		{5DAE562F-27AE-A47C-B45B-0FC1B39F7DF8} = {8DAF2D35-88C4-468A-BED4-A05DC67B24E4}
		{B21FD8BD-DC49-FB56-F27E-89EE718ECCAA} = {8DAF2D35-88C4-468A-BED4-A05DC67B24E4}
		{BCA16CCD-240A-1181-B88F-6FA350874CAF} = {69F4EB96-CD44-5844-512E-9C280B57EA67}
		{94565973-2E03-EC41-F65B-E1474624B0EF} = {1D6B1D38-BDEB-BE07-8FCE-3364BEFA2422}
		{5867C086-155F-561F-F03D-4AF50A6C3A8B} = {02EA681E-C7D8-13C7-8484-4AC65E1B71E8}
		{367FFA98-A835-2650-F062-C8DEA23F3B06} = {02EA681E-C7D8-13C7-8484-4AC65E1B71E8}
		{AD00AC17-6DAD-77B0-357C-DF86FE7B8562} = {8DAF2D35-88C4-468A-BED4-A05DC67B24E4}
		{A7B8D699-2048-E2D2-D21B-FC577F235CB8} = {1D6B1D38-BDEB-BE07-8FCE-3364BEFA2422}
		{B27A7023-73F8-429D-9F7D-98F2F2C70FA0} = {8DAF2D35-88C4-468A-BED4-A05DC67B24E4}
		{F5D54BC4-053E-4298-965E-74581687FE01} = {02EA681E-C7D8-13C7-8484-4AC65E1B71E8}
		{40547B7B-2788-4EE5-A6E2-7365080C670A} = {02EA681E-C7D8-13C7-8484-4AC65E1B71E8}
		{916C534F-16B6-442A-B74A-266066156AC3} = {CA253913-39DE-BFD0-C9A3-4B7EC6FBDF17}
		{E1A2B3C4-D5E6-4F7A-8B9C-0D1E2F3A4B5C} = {CA253913-39DE-BFD0-C9A3-4B7EC6FBDF17}
		{F1A2B3C4-D5E6-4F7A-8B9C-0D1E2F3A4B5D} = {E1A2B3C4-D5E6-4F7A-8B9C-0D1E2F3A4B5C}
		{F2A2B3C4-D5E6-4F7A-8B9C-0D1E2F3A4B5E} = {E1A2B3C4-D5E6-4F7A-8B9C-0D1E2F3A4B5C}
		{F3A2B3C4-D5E6-4F7A-8B9C-0D1E2F3A4B5F} = {E1A2B3C4-D5E6-4F7A-8B9C-0D1E2F3A4B5C}
		{F4A2B3C4-D5E6-4F7A-8B9C-0D1E2F3A4B60} = {E1A2B3C4-D5E6-4F7A-8B9C-0D1E2F3A4B5C}
		{F5A2B3C4-D5E6-4F7A-8B9C-0D1E2F3A4B61} = {E1A2B3C4-D5E6-4F7A-8B9C-0D1E2F3A4B5C}
		{F6A2B3C4-D5E6-4F7A-8B9C-0D1E2F3A4B62} = {E1A2B3C4-D5E6-4F7A-8B9C-0D1E2F3A4B5C}
		{F7A2B3C4-D5E6-4F7A-8B9C-0D1E2F3A4B63} = {E1A2B3C4-D5E6-4F7A-8B9C-0D1E2F3A4B5C}
		{102E62CA-0CF1-451D-BFED-8170CF587CFA} = {916C534F-16B6-442A-B74A-266066156AC3}
		{0A819B22-F237-428E-AC57-9B38A8A615D7} = {916C534F-16B6-442A-B74A-266066156AC3}
		{B4D5439C-5F48-41AB-8011-9F248C84332A} = {916C534F-16B6-442A-B74A-266066156AC3}
		{573EEAA2-FAF9-4489-9596-54D2FEB4038E} = {916C534F-16B6-442A-B74A-266066156AC3}
		{2D148905-ADDC-4454-9B58-F8CE768C77F0} = {916C534F-16B6-442A-B74A-266066156AC3}
		{DBFC4DCF-F395-4EDD-BB8F-0BA9D1B31908} = {102E62CA-0CF1-451D-BFED-8170CF587CFA}
		{5A0BDE1C-1940-4C98-84E8-C7A112645AE7} = {102E62CA-0CF1-451D-BFED-8170CF587CFA}
		{AF0A7FE2-5159-42A0-AF22-E2BD88F374BC} = {102E62CA-0CF1-451D-BFED-8170CF587CFA}
		{B3CD2110-FDAE-422B-9838-5D7DD4CE9211} = {102E62CA-0CF1-451D-BFED-8170CF587CFA}
		{068340B4-0CC8-4775-B534-B32E6DB739A2} = {102E62CA-0CF1-451D-BFED-8170CF587CFA}
		{5C72A668-BF18-5AF0-9D86-30A42B6FD517} = {CA253913-39DE-BFD0-C9A3-4B7EC6FBDF17}
		{25A89B8D-5938-EE6F-FF0B-B66EE71D7A14} = {5C72A668-BF18-5AF0-9D86-30A42B6FD517}
		{AADE91F6-6925-46E9-83DB-4061225ADF84} = {5C72A668-BF18-5AF0-9D86-30A42B6FD517}
		{500D430D-A7E7-4763-B9E7-64C83B1A2A8B} = {5C72A668-BF18-5AF0-9D86-30A42B6FD517}
		{1E1E8425-0060-46F7-BBA3-063EA26A53A3} = {5C72A668-BF18-5AF0-9D86-30A42B6FD517}
		{D6634C10-FAF1-4533-8845-6915197349D7} = {5C72A668-BF18-5AF0-9D86-30A42B6FD517}
		{00607D0B-4E8E-4C2F-8330-A7BF655580D0} = {25A89B8D-5938-EE6F-FF0B-B66EE71D7A14}
		{42AAB45B-CB91-472E-A280-5EBAF6B731A2} = {25A89B8D-5938-EE6F-FF0B-B66EE71D7A14}
		{2C2185E6-7B92-4BA9-B4B9-11CFDDB82A98} = {25A89B8D-5938-EE6F-FF0B-B66EE71D7A14}
		{5431DF9E-7216-4D93-8C1D-AA65A5EF9168} = {25A89B8D-5938-EE6F-FF0B-B66EE71D7A14}
		{386F95DA-3E66-4C63-AADE-439D7B932617} = {25A89B8D-5938-EE6F-FF0B-B66EE71D7A14}
		{C67A4BD2-B5A9-4AC3-A09C-2388FF77EF5C} = {5C72A668-BF18-5AF0-9D86-30A42B6FD517}
	EndGlobalSection
	GlobalSection(ExtensibilityGlobals) = postSolution
		SolutionGuid = {4266A86F-6E27-4FEF-A1A6-E62DB0F865AE}
	EndGlobalSection
EndGlobal
