
Microsoft Visual Studio Solution File, Format Version 12.00
# Visual Studio Version 17
VisualStudioVersion = 17.4.33213.308
MinimumVisualStudioVersion = 10.0.40219.1
Project("{2150E333-8FDC-42A3-9474-1A3956D46DE8}") = "src", "src", "{761AC6DE-13DC-4E60-BCCE-E5D777F6DBDC}"
EndProject
Project("{9A19103F-16F7-4668-BE54-9A1E7A4F7556}") = "App", "src\App\App.csproj", "{8744B53D-A54F-41D2-A5CA-FCBFF121E45C}"
EndProject
Project("{9A19103F-16F7-4668-BE54-9A1E7A4F7556}") = "Application", "src\Application\Application.csproj", "{643CFEDC-1388-4ED8-987E-DF958FA8E78B}"
EndProject
Project("{9A19103F-16F7-4668-BE54-9A1E7A4F7556}") = "Domain", "src\Domain\Domain.csproj", "{EBB866DA-3FCD-4C13-ADDA-EBF9155ED0CF}"
EndProject
Project("{9A19103F-16F7-4668-BE54-9A1E7A4F7556}") = "Infrastructure", "src\Infrastructure\Infrastructure.csproj", "{FDCC4666-2664-4DB2-8CA0-6E9E57DDC21D}"
EndProject
Project("{9A19103F-16F7-4668-BE54-9A1E7A4F7556}") = "Persistence", "src\Persistence\Persistence.csproj", "{DB07D972-B5F1-4251-B51F-978B6D2103AF}"
EndProject
Project("{9A19103F-16F7-4668-BE54-9A1E7A4F7556}") = "Presentation", "src\Presentation\Presentation.csproj", "{2361781B-BB75-4BE5-8C3A-59DBD0E2B6BD}"
EndProject
Project("{2150E333-8FDC-42A3-9474-1A3956D46DE8}") = "tests", "tests", "{DAB694FA-14A1-4629-9611-84FB3148C5DD}"
EndProject
Project("{9A19103F-16F7-4668-BE54-9A1E7A4F7556}") = "Application.UnitTests", "tests\Application.UnitTests\Application.UnitTests.csproj", "{500326BC-DF27-4EA0-B7A7-2E45D9169CC8}"
	ProjectSection(ProjectDependencies) = postProject
		{643CFEDC-1388-4ED8-987E-DF958FA8E78B} = {643CFEDC-1388-4ED8-987E-DF958FA8E78B}
	EndProjectSection
EndProject
Project("{9A19103F-16F7-4668-BE54-9A1E7A4F7556}") = "Domain.UnitTests", "tests\Domain.UnitTests\Domain.UnitTests.csproj", "{3AA65CA9-7C9B-4800-B92D-167097258507}"
	ProjectSection(ProjectDependencies) = postProject
		{EBB866DA-3FCD-4C13-ADDA-EBF9155ED0CF} = {EBB866DA-3FCD-4C13-ADDA-EBF9155ED0CF}
	EndProjectSection
EndProject
Project("{9A19103F-16F7-4668-BE54-9A1E7A4F7556}") = "Infrastructure.UnitTests", "tests\Infrastructure\Infrastructure.UnitTests.csproj", "{42B28DFB-BF08-4AE7-B548-556107F0F037}"
EndProject
Project("{9A19103F-16F7-4668-BE54-9A1E7A4F7556}") = "Persistence.UnitTests", "tests\Persistence.UnitTests\Persistence.UnitTests.csproj", "{AD2AE7E1-317D-4B75-A755-49D0E1289708}"
EndProject
Project("{9A19103F-16F7-4668-BE54-9A1E7A4F7556}") = "Presentation.UnitTests", "tests\Presentation.UnitTests\Presentation.UnitTests.csproj", "{BF36643F-F73E-4937-80E7-474FE155C7DC}"
	ProjectSection(ProjectDependencies) = postProject
		{2361781B-BB75-4BE5-8C3A-59DBD0E2B6BD} = {2361781B-BB75-4BE5-8C3A-59DBD0E2B6BD}
	EndProjectSection
EndProject
Global
	GlobalSection(SolutionConfigurationPlatforms) = preSolution
		Debug|Any CPU = Debug|Any CPU
		Release|Any CPU = Release|Any CPU
	EndGlobalSection
	GlobalSection(ProjectConfigurationPlatforms) = postSolution
		{8744B53D-A54F-41D2-A5CA-FCBFF121E45C}.Debug|Any CPU.ActiveCfg = Debug|Any CPU
		{8744B53D-A54F-41D2-A5CA-FCBFF121E45C}.Debug|Any CPU.Build.0 = Debug|Any CPU
		{8744B53D-A54F-41D2-A5CA-FCBFF121E45C}.Release|Any CPU.ActiveCfg = Release|Any CPU
		{8744B53D-A54F-41D2-A5CA-FCBFF121E45C}.Release|Any CPU.Build.0 = Release|Any CPU
		{643CFEDC-1388-4ED8-987E-DF958FA8E78B}.Debug|Any CPU.ActiveCfg = Debug|Any CPU
		{643CFEDC-1388-4ED8-987E-DF958FA8E78B}.Debug|Any CPU.Build.0 = Debug|Any CPU
		{643CFEDC-1388-4ED8-987E-DF958FA8E78B}.Release|Any CPU.ActiveCfg = Release|Any CPU
		{643CFEDC-1388-4ED8-987E-DF958FA8E78B}.Release|Any CPU.Build.0 = Release|Any CPU
		{EBB866DA-3FCD-4C13-ADDA-EBF9155ED0CF}.Debug|Any CPU.ActiveCfg = Debug|Any CPU
		{EBB866DA-3FCD-4C13-ADDA-EBF9155ED0CF}.Debug|Any CPU.Build.0 = Debug|Any CPU
		{EBB866DA-3FCD-4C13-ADDA-EBF9155ED0CF}.Release|Any CPU.ActiveCfg = Release|Any CPU
		{EBB866DA-3FCD-4C13-ADDA-EBF9155ED0CF}.Release|Any CPU.Build.0 = Release|Any CPU
		{FDCC4666-2664-4DB2-8CA0-6E9E57DDC21D}.Debug|Any CPU.ActiveCfg = Debug|Any CPU
		{FDCC4666-2664-4DB2-8CA0-6E9E57DDC21D}.Debug|Any CPU.Build.0 = Debug|Any CPU
		{FDCC4666-2664-4DB2-8CA0-6E9E57DDC21D}.Release|Any CPU.ActiveCfg = Release|Any CPU
		{FDCC4666-2664-4DB2-8CA0-6E9E57DDC21D}.Release|Any CPU.Build.0 = Release|Any CPU
		{DB07D972-B5F1-4251-B51F-978B6D2103AF}.Debug|Any CPU.ActiveCfg = Debug|Any CPU
		{DB07D972-B5F1-4251-B51F-978B6D2103AF}.Debug|Any CPU.Build.0 = Debug|Any CPU
		{DB07D972-B5F1-4251-B51F-978B6D2103AF}.Release|Any CPU.ActiveCfg = Release|Any CPU
		{DB07D972-B5F1-4251-B51F-978B6D2103AF}.Release|Any CPU.Build.0 = Release|Any CPU
		{2361781B-BB75-4BE5-8C3A-59DBD0E2B6BD}.Debug|Any CPU.ActiveCfg = Debug|Any CPU
		{2361781B-BB75-4BE5-8C3A-59DBD0E2B6BD}.Debug|Any CPU.Build.0 = Debug|Any CPU
		{2361781B-BB75-4BE5-8C3A-59DBD0E2B6BD}.Release|Any CPU.ActiveCfg = Release|Any CPU
		{2361781B-BB75-4BE5-8C3A-59DBD0E2B6BD}.Release|Any CPU.Build.0 = Release|Any CPU
		{500326BC-DF27-4EA0-B7A7-2E45D9169CC8}.Debug|Any CPU.ActiveCfg = Debug|Any CPU
		{500326BC-DF27-4EA0-B7A7-2E45D9169CC8}.Debug|Any CPU.Build.0 = Debug|Any CPU
		{500326BC-DF27-4EA0-B7A7-2E45D9169CC8}.Release|Any CPU.ActiveCfg = Release|Any CPU
		{500326BC-DF27-4EA0-B7A7-2E45D9169CC8}.Release|Any CPU.Build.0 = Release|Any CPU
		{3AA65CA9-7C9B-4800-B92D-167097258507}.Debug|Any CPU.ActiveCfg = Debug|Any CPU
		{3AA65CA9-7C9B-4800-B92D-167097258507}.Debug|Any CPU.Build.0 = Debug|Any CPU
		{3AA65CA9-7C9B-4800-B92D-167097258507}.Release|Any CPU.ActiveCfg = Release|Any CPU
		{3AA65CA9-7C9B-4800-B92D-167097258507}.Release|Any CPU.Build.0 = Release|Any CPU
		{42B28DFB-BF08-4AE7-B548-556107F0F037}.Debug|Any CPU.ActiveCfg = Debug|Any CPU
		{42B28DFB-BF08-4AE7-B548-556107F0F037}.Debug|Any CPU.Build.0 = Debug|Any CPU
		{42B28DFB-BF08-4AE7-B548-556107F0F037}.Release|Any CPU.ActiveCfg = Release|Any CPU
		{42B28DFB-BF08-4AE7-B548-556107F0F037}.Release|Any CPU.Build.0 = Release|Any CPU
		{AD2AE7E1-317D-4B75-A755-49D0E1289708}.Debug|Any CPU.ActiveCfg = Debug|Any CPU
		{AD2AE7E1-317D-4B75-A755-49D0E1289708}.Debug|Any CPU.Build.0 = Debug|Any CPU
		{AD2AE7E1-317D-4B75-A755-49D0E1289708}.Release|Any CPU.ActiveCfg = Release|Any CPU
		{AD2AE7E1-317D-4B75-A755-49D0E1289708}.Release|Any CPU.Build.0 = Release|Any CPU
		{BF36643F-F73E-4937-80E7-474FE155C7DC}.Debug|Any CPU.ActiveCfg = Debug|Any CPU
		{BF36643F-F73E-4937-80E7-474FE155C7DC}.Debug|Any CPU.Build.0 = Debug|Any CPU
		{BF36643F-F73E-4937-80E7-474FE155C7DC}.Release|Any CPU.ActiveCfg = Release|Any CPU
		{BF36643F-F73E-4937-80E7-474FE155C7DC}.Release|Any CPU.Build.0 = Release|Any CPU
	EndGlobalSection
	GlobalSection(SolutionProperties) = preSolution
		HideSolutionNode = FALSE
	EndGlobalSection
	GlobalSection(NestedProjects) = preSolution
		{8744B53D-A54F-41D2-A5CA-FCBFF121E45C} = {761AC6DE-13DC-4E60-BCCE-E5D777F6DBDC}
		{643CFEDC-1388-4ED8-987E-DF958FA8E78B} = {761AC6DE-13DC-4E60-BCCE-E5D777F6DBDC}
		{EBB866DA-3FCD-4C13-ADDA-EBF9155ED0CF} = {761AC6DE-13DC-4E60-BCCE-E5D777F6DBDC}
		{FDCC4666-2664-4DB2-8CA0-6E9E57DDC21D} = {761AC6DE-13DC-4E60-BCCE-E5D777F6DBDC}
		{DB07D972-B5F1-4251-B51F-978B6D2103AF} = {761AC6DE-13DC-4E60-BCCE-E5D777F6DBDC}
		{2361781B-BB75-4BE5-8C3A-59DBD0E2B6BD} = {761AC6DE-13DC-4E60-BCCE-E5D777F6DBDC}
		{500326BC-DF27-4EA0-B7A7-2E45D9169CC8} = {DAB694FA-14A1-4629-9611-84FB3148C5DD}
		{3AA65CA9-7C9B-4800-B92D-167097258507} = {DAB694FA-14A1-4629-9611-84FB3148C5DD}
		{42B28DFB-BF08-4AE7-B548-556107F0F037} = {DAB694FA-14A1-4629-9611-84FB3148C5DD}
		{AD2AE7E1-317D-4B75-A755-49D0E1289708} = {DAB694FA-14A1-4629-9611-84FB3148C5DD}
		{BF36643F-F73E-4937-80E7-474FE155C7DC} = {DAB694FA-14A1-4629-9611-84FB3148C5DD}
	EndGlobalSection
	GlobalSection(ExtensibilityGlobals) = postSolution
		SolutionGuid = {1801C177-6860-455E-84A2-931CB8DA85FF}
	EndGlobalSection
EndGlobal
